{
  "version": 4,
  "terraform_version": "1.15.8",
  "serial": 95,
  "lineage": "0b47db62-9763-ea17-4702-c82872cffd9c",
  "outputs": {
    "acr_server": {
      "value": "evolution012983.azurecr.io",
      "type": "string"
    },
    "aks_name": {
      "value": "learningstepslvl-aks",
      "type": "string"
    },
    "key_vault_uri": {
      "value": "https://learnsteps-kv-388521.vault.azure.net/",
      "type": "string"
    }
  },
  "resources": [
    {
      "mode": "data",
      "type": "azurerm_client_config",
      "name": "current",
      "provider": "provider[\"registry.terraform.io/hashicorp/azurerm\"]",
      "instances": [
        {
          "schema_version": 0,
          "attributes": {
            "client_id": "04b07795-8ddb-461a-bbee-02f9e1bf7b46",
            "id": "Y2xpZW50Q29uZmlncy9jbGllbnRJZD0wNGIwNzc5NS04ZGRiLTQ2MWEtYmJlZS0wMmY5ZTFiZjdiNDY7b2JqZWN0SWQ9NWIyNjUwMDEtMGY1MC00NzY0LWFhMWUtYWIwMzM5MzY2ZmE5O3N1YnNjcmlwdGlvbklkPTM4Njk3MDkyLWFkYzktNDlmYS1iMmVkLWQyMGQ3YjUyYzI2Zjt0ZW5hbnRJZD1jMDUzMTQ4NC01MGZhLTRmZjItOTdkZi1iMWYyZDQ4MTA2MDM=",
            "object_id": "5b265001-0f50-4764-aa1e-ab0339366fa9",
            "subscription_id": "38697092-adc9-49fa-b2ed-d20d7b52c26f",
            "tenant_id": "c0531484-50fa-4ff2-97df-b1f2d4810603",
            "timeouts": null
          },
          "sensitive_attributes": [],
          "identity_schema_version": 0
        }
      ]
    },
    {
      "mode": "managed",
      "type": "azurerm_container_registry",
      "name": "main",
      "provider": "provider[\"registry.terraform.io/hashicorp/azurerm\"]",
      "instances": [
        {
          "schema_version": 2,
          "attributes": {
            "admin_enabled": true,
            "admin_password": "BDXTj8nqgy22AEh9CVilXYAQtI8oH1Yo0Q4I4a3g3rwC2ese6ijuJQQJ99CGAC5RqLJEqg7NAAACAZCRYbC9",
            "admin_username": "evolution012983",
            "anonymous_pull_enabled": false,
            "azuread_authentication_as_arm_policy_enabled": true,
            "data_endpoint_enabled": false,
            "data_endpoint_host_names": [],
            "encryption": [],
            "export_policy_enabled": true,
            "georeplications": [],
            "id": "/subscriptions/38697092-adc9-49fa-b2ed-d20d7b52c26f/resourceGroups/learningstepslvl-rg/providers/Microsoft.ContainerRegistry/registries/evolution012983",
            "identity": [],
            "location": "westeurope",
            "login_server": "evolution012983.azurecr.io",
            "name": "evolution012983",
            "network_rule_bypass_for_tasks_enabled": false,
            "network_rule_bypass_option": "AzureServices",
            "network_rule_set": [],
            "public_network_access_enabled": true,
            "quarantine_policy_enabled": false,
            "resource_group_name": "learningstepslvl-rg",
            "retention_policy_in_days": 0,
            "role_assignment_mode": "LegacyRegistryPermissions",
            "sku": "Basic",
            "tags": {
              "created-on": "2026-07-22T15:25:34.0671213Z"
            },
            "timeouts": null,
            "trust_policy_enabled": false,
            "zone_redundancy_enabled": false
          },
          "sensitive_attributes": [
            [
              {
                "type": "get_attr",
                "value": "admin_password"
              }
            ]
          ],
          "identity_schema_version": 0,
          "private": "eyJlMmJmYjczMC1lY2FhLTExZTYtOGY4OC0zNDM2M2JjN2M0YzAiOnsiY3JlYXRlIjoxODAwMDAwMDAwMDAwLCJkZWxldGUiOjE4MDAwMDAwMDAwMDAsInJlYWQiOjMwMDAwMDAwMDAwMCwidXBkYXRlIjoxODAwMDAwMDAwMDAwfSwic2NoZW1hX3ZlcnNpb24iOiIyIn0=",
          "dependencies": [
            "azurerm_resource_group.main"
          ]
        }
      ]
    },
    {
      "mode": "managed",
      "type": "azurerm_key_vault",
      "name": "main",
      "provider": "provider[\"registry.terraform.io/hashicorp/azurerm\"]",
      "instances": [
        {
          "schema_version": 2,
          "attributes": {
            "access_policy": [],
            "contact": [],
            "enable_rbac_authorization": true,
            "enabled_for_deployment": false,
            "enabled_for_disk_encryption": false,
            "enabled_for_template_deployment": false,
            "id": "/subscriptions/38697092-adc9-49fa-b2ed-d20d7b52c26f/resourceGroups/learningstepslvl-rg/providers/Microsoft.KeyVault/vaults/learnsteps-kv-388521",
            "location": "westeurope",
            "name": "learnsteps-kv-388521",
            "network_acls": [
              {
                "bypass": "AzureServices",
                "default_action": "Allow",
                "ip_rules": [],
                "virtual_network_subnet_ids": []
              }
            ],
            "public_network_access_enabled": true,
            "purge_protection_enabled": false,
            "rbac_authorization_enabled": true,
            "resource_group_name": "learningstepslvl-rg",
            "sku_name": "standard",
            "soft_delete_retention_days": 90,
            "tags": {
              "created-on": "2026-07-22T15:25:34.6145469Z"
            },
            "tenant_id": "c0531484-50fa-4ff2-97df-b1f2d4810603",
            "timeouts": null,
            "vault_uri": "https://learnsteps-kv-388521.vault.azure.net/"
          },
          "sensitive_attributes": [],
          "identity_schema_version": 0,
          "identity": {
            "name": "learnsteps-kv-388521",
            "resource_group_name": "learningstepslvl-rg",
            "subscription_id": "38697092-adc9-49fa-b2ed-d20d7b52c26f"
          },
          "private": "eyJlMmJmYjczMC1lY2FhLTExZTYtOGY4OC0zNDM2M2JjN2M0YzAiOnsiY3JlYXRlIjoxODAwMDAwMDAwMDAwLCJkZWxldGUiOjE4MDAwMDAwMDAwMDAsInJlYWQiOjMwMDAwMDAwMDAwMCwidXBkYXRlIjoxODAwMDAwMDAwMDAwfSwic2NoZW1hX3ZlcnNpb24iOiIyIn0=",
          "dependencies": [
            "azurerm_resource_group.main",
            "data.azurerm_client_config.current"
          ]
        }
      ]
    },
    {
      "mode": "managed",
      "type": "azurerm_key_vault_secret",
      "name": "db_conn",
      "provider": "provider[\"registry.terraform.io/hashicorp/azurerm\"]",
      "instances": [
        {
          "schema_version": 0,
          "attributes": {
            "content_type": "",
            "expiration_date": "",
            "id": "https://learnsteps-kv-388521.vault.azure.net/secrets/db-connection-string/40109e60936946d9911ca97d24bacd50",
            "key_vault_id": "/subscriptions/38697092-adc9-49fa-b2ed-d20d7b52c26f/resourceGroups/learningstepslvl-rg/providers/Microsoft.KeyVault/vaults/learnsteps-kv-388521",
            "name": "db-connection-string",
            "not_before_date": "",
            "resource_id": "/subscriptions/38697092-adc9-49fa-b2ed-d20d7b52c26f/resourceGroups/learningstepslvl-rg/providers/Microsoft.KeyVault/vaults/learnsteps-kv-388521/secrets/db-connection-string/versions/40109e60936946d9911ca97d24bacd50",
            "resource_versionless_id": "/subscriptions/38697092-adc9-49fa-b2ed-d20d7b52c26f/resourceGroups/learningstepslvl-rg/providers/Microsoft.KeyVault/vaults/learnsteps-kv-388521/secrets/db-connection-string",
            "tags": null,
            "timeouts": null,
            "value": "postgresql://pgadmin:SomeStr0ng!Pass@learningstepslvl-pg.postgres.database.azure.com:5432/learningsteps?sslmode=require",
            "value_wo": null,
            "value_wo_version": 0,
            "version": "40109e60936946d9911ca97d24bacd50",
            "versionless_id": "https://learnsteps-kv-388521.vault.azure.net/secrets/db-connection-string"
          },
          "sensitive_attributes": [
            [
              {
                "type": "get_attr",
                "value": "value"
              }
            ]
          ],
          "identity_schema_version": 0,
          "private": "eyJlMmJmYjczMC1lY2FhLTExZTYtOGY4OC0zNDM2M2JjN2M0YzAiOnsiY3JlYXRlIjoxODAwMDAwMDAwMDAwLCJkZWxldGUiOjE4MDAwMDAwMDAwMDAsInJlYWQiOjE4MDAwMDAwMDAwMDAsInVwZGF0ZSI6MTgwMDAwMDAwMDAwMH19",
          "dependencies": [
            "azurerm_key_vault.main",
            "azurerm_postgresql_flexible_server.main",
            "azurerm_private_dns_zone.pg",
            "azurerm_private_dns_zone_virtual_network_link.pg",
            "azurerm_resource_group.main",
            "azurerm_role_assignment.kv_secrets_officer",
            "azurerm_subnet.db",
            "azurerm_virtual_network.main",
            "data.azurerm_client_config.current"
          ]
        }
      ]
    },
    {
      "mode": "managed",
      "type": "azurerm_kubernetes_cluster",
      "name": "main",
      "provider": "provider[\"registry.terraform.io/hashicorp/azurerm\"]",
      "instances": [
        {
          "schema_version": 2,
          "attributes": {
            "aci_connector_linux": [],
            "ai_toolchain_operator_enabled": false,
            "api_server_access_profile": [],
            "auto_scaler_profile": [],
            "automatic_upgrade_channel": "",
            "azure_active_directory_role_based_access_control": [],
            "azure_policy_enabled": false,
            "bootstrap_profile": [
              {
                "artifact_source": "Direct",
                "container_registry_id": ""
              }
            ],
            "confidential_computing": [],
            "cost_analysis_enabled": false,
            "current_kubernetes_version": "1.35.5",
            "custom_ca_trust_certificates_base64": null,
            "default_node_pool": [
              {
                "auto_scaling_enabled": false,
                "capacity_reservation_group_id": "",
                "fips_enabled": false,
                "gpu_driver": "",
                "gpu_instance": "",
                "host_encryption_enabled": false,
                "host_group_id": "",
                "kubelet_config": [],
                "kubelet_disk_type": "OS",
                "linux_os_config": [],
                "max_count": 0,
                "max_pods": 30,
                "min_count": 0,
                "name": "system",
                "node_count": 2,
                "node_labels": {},
                "node_network_profile": [],
                "node_public_ip_enabled": false,
                "node_public_ip_prefix_id": "",
                "only_critical_addons_enabled": false,
                "orchestrator_version": "1.35",
                "os_disk_size_gb": 128,
                "os_disk_type": "Managed",
                "os_sku": "Ubuntu",
                "pod_subnet_id": "",
                "proximity_placement_group_id": "",
                "scale_down_mode": "Delete",
                "snapshot_id": "",
                "tags": null,
                "temporary_name_for_rotation": "",
                "type": "VirtualMachineScaleSets",
                "ultra_ssd_enabled": false,
                "upgrade_settings": [
                  {
                    "drain_timeout_in_minutes": 0,
                    "max_surge": "10%",
                    "node_soak_duration_in_minutes": 0,
                    "undrainable_node_behavior": ""
                  }
                ],
                "vm_size": "Standard_D2s_v3",
                "vnet_subnet_id": "/subscriptions/38697092-adc9-49fa-b2ed-d20d7b52c26f/resourceGroups/learningstepslvl-rg/providers/Microsoft.Network/virtualNetworks/learningstepslvl-vnet/subnets/aks-subnet",
                "workload_runtime": "",
                "zones": null
              }
            ],
            "disk_encryption_set_id": "",
            "dns_prefix": "learningstepslvl-aks",
            "dns_prefix_private_cluster": "",
            "edge_zone": "",
            "fqdn": "learningstepslvl-aks-x5z1z9h9.hcp.westeurope.azmk8s.io",
            "http_application_routing_enabled": false,
            "http_application_routing_zone_name": "",
            "http_proxy_config": [],
            "id": "/subscriptions/38697092-adc9-49fa-b2ed-d20d7b52c26f/resourceGroups/learningstepslvl-rg/providers/Microsoft.ContainerService/managedClusters/learningstepslvl-aks",
            "identity": [
              {
                "identity_ids": null,
                "principal_id": "551d0208-a57c-4745-873b-9a146f7d5753",
                "tenant_id": "c0531484-50fa-4ff2-97df-b1f2d4810603",
                "type": "SystemAssigned"
              }
            ],
            "image_cleaner_enabled": null,
            "image_cleaner_interval_hours": null,
            "ingress_application_gateway": [],
            "key_management_service": [],
            "key_vault_secrets_provider": [],
            "kube_admin_config": [],
            "kube_admin_config_raw": "",
            "kube_config": [
              {
                "client_certificate": "LS0tLS1CRUdJTiBDRVJUSUZJQ0FURS0tLS0tCk1JSUZIakNDQXdhZ0F3SUJBZ0lSQU9IaHpIVUY4cVVpeGVZeHc5Qk83ajB3RFFZSktvWklodmNOQVFFTEJRQXcKRFRFTE1Ba0dBMVVFQXhNQ1kyRXdIaGNOTWpZd056SXlNVFV4TmpRMldoY05Namd3TnpJeU1UVXlOalEyV2pBdwpNUmN3RlFZRFZRUUtFdzV6ZVhOMFpXMDZiV0Z6ZEdWeWN6RVZNQk1HQTFVRUF4TU1iV0Z6ZEdWeVkyeHBaVzUwCk1JSUNJakFOQmdrcWhraUc5dzBCQVFFRkFBT0NBZzhBTUlJQ0NnS0NBZ0VBcmdVNDhsbzhRalVqY3BQV2ZLRC8KeDlhYklLVnpCWW5VVnM5dTZkam0yaGtnVVRxbW9MbUVrcjJTbmI5UlV0Wlp5djc0VUZ1NTFMSGpkSkRGWVJMdwpFVzRsMTc0R25BTjNGRE5UWmJ6cUF3TFNCaVBoYkdsRjUwOTN4VFBXNVllandUbW9odjNpbVJZa2pRNzlZUmpVCnc4Rm5QZUtaeHlHYTJSREsyMk8wbTlsWXU5YUIwT3RQc1lKTmZ3MG9KSGl3UkswdGhQenczWnU3QVBNUi93UWgKR1hvRXNmck9EZy9CemtUSTlpeHk2ei91Z2dpQ3hhMjBuLzllNzRrWEhSNE1pZmZnVUR5bmpMSk5QSlNUdVBCdAoxRGt4OFhNS2hFSWFKUWxOMDZ0UFNqREZoZHVWOXppRjIrQ0d2QkE2MlVQVzRJTXFnUzB4MjJ2UitsVTRtLzhpCnRnZE5hZ3dnUTdYZEVjVDZHam02TzAxREpBRmFQMzZUbTU1ZUhPRGJCWnRiWVJTaElhc2tyZWxuUW91WUdKZ3oKRkdhcTgrQWFIRzlaOFRPREp0VUxoVkdUbEk2Z0tKaEZ5bC9weDJ1anBYZStQU2Q5L1VJcHBJMytZajIrVGlXbApTY0lNTzlRKzlWejlvNFdodUE4amRDZFd6cGROTllZY2NEa1pxYmJhcy9QWDk0b1VicTkvcHM3NHMyNlRvRzE5CkZLMG9tMkRqT0NvTnZyMlJqdUtaVDZadThWSnREYW1oK3hzc2FvZ3pQUkRoSm15Vk9Ba3grSWo4SmYwZTNqMzkKQnNxK1JKaHVTSkRFNWQvNzVrdDdOM0dWcmVJaHdzbm1IcnBvY0tFdUVUeTYxeDdwdFk5TWdyYkNkY2RQK28zVQpENkRjM0V5YzI1Y3NHb05oRDZJRStHMENBd0VBQWFOV01GUXdEZ1lEVlIwUEFRSC9CQVFEQWdXZ01CTUdBMVVkCkpRUU1NQW9HQ0NzR0FRVUZCd01DTUF3R0ExVWRFd0VCL3dRQ01BQXdId1lEVlIwakJCZ3dGb0FVeWtRRnI5TDEKMHJ6TDY4ZWlCUHdmb3VFY1IyVXdEUVlKS29aSWh2Y05BUUVMQlFBRGdnSUJBSFpIVFlCT3ZDdkUxdm5GdzU3dgpWS1Q0RTh1dFFWSk1qdVk3UDFmV3RsSzBYWVlqTmVNYk51d2F6UDJUdE5TL3dlQkZDUmpxU2trTldiRlVkNDhwClpFY3hwZzJOWm43ZFNXSHVHbFVTME9uNXNQNXRhZXBON3QwYjNrVWovZFFaa1QrZmlIMTVPQ3NWTmlxdnIxbjkKdlNaQTNUSndnaTM5bjZzYXJzNHJERHhoQXhIWlBaUEhlNmNHb0c0VXJSZ09VRDJmV3BsclBLM05hd2xyYWF3dgpNQWV5UnJmdGhKV251eCtSZjlFaWJJNDJVcm4xNFZWVlpvcFpCZ0FjWEtQZ2pqcFNPZHhrY3VXQjlvd1libGlLCkY5cXRBcm1BaCtEVURHTnBFWDM0OFhSL2xaVW9mSkRvV3htU09rWUZIMkJCNlRoR1g0dUlab1pWNHJnYzdpTUQKa0RSajhkdUhUTTkvaHNENzNqWjdDV0RsSWVxbFEzaHcwUHVWSGJ5UnhpeDRVdlR0RXBFL2dncnhieEMzTXRVRgozZ3hMeGQwUXhFc0ZCSGw2WFVVM3hlK0lKbmp6bm90OXF0bUw5TXZSQkdjeElPblFLa0xGWWNFVFJnRFlZSHlWCkNDME14K2ozS2RscjdNeE1JQjA2OXZoWElxMDFHZVNPbUtkNkFMN2NaMnFYNjhjYUt2Y0tXMjBraHJIcmYzVlEKMEd3dGdvVWFIMXllQnkwMmMzbDV2Q2ZORjVwY0kyTUZyOHBzZnZYNTUvaTZKN2hXMG10OFVTdkp5OHVEYmljcQo1Y09DU1loU2tMVHNuWUJyY2JxRnpuQndsK0VodnFxVHUrQTd6ZjRsVkFiT0pNdG5TQ3plZGZSUWdCcnhOc0ljCmtLYXl1TmJSZmJvNEJUN3A3bWh4ejh4TAotLS0tLUVORCBDRVJUSUZJQ0FURS0tLS0tCg==",
                "client_key": "LS0tLS1CRUdJTiBSU0EgUFJJVkFURSBLRVktLS0tLQpNSUlKS1FJQkFBS0NBZ0VBcmdVNDhsbzhRalVqY3BQV2ZLRC94OWFiSUtWekJZblVWczl1NmRqbTJoa2dVVHFtCm9MbUVrcjJTbmI5UlV0Wlp5djc0VUZ1NTFMSGpkSkRGWVJMd0VXNGwxNzRHbkFOM0ZETlRaYnpxQXdMU0JpUGgKYkdsRjUwOTN4VFBXNVllandUbW9odjNpbVJZa2pRNzlZUmpVdzhGblBlS1p4eUdhMlJESzIyTzBtOWxZdTlhQgowT3RQc1lKTmZ3MG9KSGl3UkswdGhQenczWnU3QVBNUi93UWhHWG9Fc2ZyT0RnL0J6a1RJOWl4eTZ6L3VnZ2lDCnhhMjBuLzllNzRrWEhSNE1pZmZnVUR5bmpMSk5QSlNUdVBCdDFEa3g4WE1LaEVJYUpRbE4wNnRQU2pERmhkdVYKOXppRjIrQ0d2QkE2MlVQVzRJTXFnUzB4MjJ2UitsVTRtLzhpdGdkTmFnd2dRN1hkRWNUNkdqbTZPMDFESkFGYQpQMzZUbTU1ZUhPRGJCWnRiWVJTaElhc2tyZWxuUW91WUdKZ3pGR2FxOCtBYUhHOVo4VE9ESnRVTGhWR1RsSTZnCktKaEZ5bC9weDJ1anBYZStQU2Q5L1VJcHBJMytZajIrVGlXbFNjSU1POVErOVZ6OW80V2h1QThqZENkV3pwZE4KTllZY2NEa1pxYmJhcy9QWDk0b1VicTkvcHM3NHMyNlRvRzE5Rkswb20yRGpPQ29OdnIyUmp1S1pUNlp1OFZKdApEYW1oK3hzc2FvZ3pQUkRoSm15Vk9Ba3grSWo4SmYwZTNqMzlCc3ErUkpodVNKREU1ZC83NWt0N04zR1ZyZUloCndzbm1IcnBvY0tFdUVUeTYxeDdwdFk5TWdyYkNkY2RQK28zVUQ2RGMzRXljMjVjc0dvTmhENklFK0cwQ0F3RUEKQVFLQ0FnQWVtS3I0UzM3RVNra0MvSFRPQVZXdmltOUllR2FHandML1IyWHlKakdDbjcvVG9Gc0xMOHNjTE1vaQpRN0RWL251WHFpZzVJc09EM3NvRjVPMWJRY1BsWUtjMUxVTkd1NEk4a2tDanh1a2pJZVFROGM2UTY5cC9UclRaCmZxR1dSamkzd0w0OWk5YURRWVlvS2Y1SlM5OGUwdnFtd2hoMUQxYkZPd05idXdaV2o0cWZMaG94aENvRkpRcWcKbjh6U3lzaDlMckN0N1BZaGxKKzJ6VVg0L3o0ZGwxdExlclF2ZXp4QldzMDFvVCtNVnJlRjg5NmdTSWdWU0labAoyY1h2VitqdStoN2RwS2gxMzZTZVZlWTZNa1d4Tm1RdVZtSi9PZ3NVUDNSSVZ0cXdTZTUwdUZTLy9KZG1meTNaClU0WXhUSkR6ZFFSc1pXaWFjblRmRFl4UU96WGNIcWlDTFRleFZFcVBEVnk1SDJmSC9Md3RyemdjazMybU00RXEKWXdoNE1OQml6Y0wxRGNUQ2Jra1pTNHVMSVh2Q3lVelA0UjJraVJ6R0c3Tm1sTVh3QitiTHRVbkFhVGEzTURyRApkdmUydGpQdjhLbFdhUWFqbE1UbHdCN20xZUFiMFhDN2RZTjZhaHdxKy83REk1SmpMc0grZlBRdytHRTdNK3FKCmlQK3drUisxeVpWdWdoZjJXS2tGZ044VWs3Z212dFExSk15cWY2aFZoYllWSnRsZC9QWXVZb0V0WGhhVUNCTVcKNUhZZEdvNFBxVHpLNTRBWlpSNDBLYmFCRjlCclpQSkt6SVdJQi9kUUtaZWZOb1pyVUV0QkUxUFM2QUdyY3NteQovQ1pCdlpTTjJ0WURhYmJYeUxlcjFTWEVQdDJ4MjNRdDIrNFNxY25KblBOSTh2M1o2UUtDQVFFQTB6b2NrTjBTCkl6eEEwcGgwalVrK1BRYTF4cFlXdVQyd0l6a01lSW5XQUp1aU9kTFBidHhaS3Fkc1dPbThVbVNOMWJubkZybzEKMzZ0cFdMampZMm5VWXlmdVVTK2FaRUdPMVBhcDg2NnptTFhkZVdRQVM4akNob1RXbWxUVEZMTllsQ1dheEg4cwpaZEk1M3hpWnRJVDlrWWRWSWRTR2xscWJjby9ZVXFGa0YrcFByTi9GQTQ5VEU2VTA2UTJGazNXSFJIdnVLZWdmCjdlMVBzTXo3Sm01YWtXMTNVUXZPb2VBSmNMWUxzWGtzMnhmNHdvcDV6ZXVaL1YyZG5UTjVXcHpTL0dvUUMvU1YKNU9GQ1pZdEdwWjdiOXJIbHRLTVZLWEJZT2JteUdqYjBnVGRnSWJSek4zMHBobFgyTk5DSkdsUlBNSFdicjIvMwo1MFlKRVRYeG4yNktHUUtDQVFFQTB1Z24wRENHVzhLc05uOTVSUzNqNkcreXFsM0p5bzZoTy9aN3NiSi9JK3VNCmt4VjhjcnF3TFljZTVPTDNXSjhQQ3hsaGVxZHVJUGZOZit3MXoxZVhTUlNiU202UmRXL2V4Q0dzQWRlWG4xVmYKMlo1SVlYckUwT1RUTVd5OGlmSDZDQnB1SE5lRkZHcVVMODc0bkhKMzAzeDZTYUM5L0tlNENPRFh1bU1mYTFPcwpGd0pmYkJEWHhuaUsrSktDTlpCTnlSNkVSNm9YT096MWNHTGV3SUZYSVEzL3pYclNHeUJia2czdDhUK0UxdkdYCmVnM3diZ0hUcjFCcGF0R1pXS3R6dGRwVU0yd3h4a1VMdWt2UWhDdmk2a29aYkZVQ3dUTlhublNlWk5BQWRhS0EKMXRUTWdyR3NGRUppa25UdEExOGZCNlRwLzdibUdja2ZKM0d2bWtBVGRRS0NBUUVBdGw4T0d1VkVxN2R5SUdJUQovNHVsZVBzNkp1T2Zhd0NmKzBsZVF4UisrTGRuTVpXYUU1V2NSditXeEkzS1V6a09YT0hOYkFvS1NidXRrVFRRCjN4eVlpNlFHVjRKS1F4VjNSTmhUbEZuYUpwZWZTUmZXU1poa205QkZtYXB6TlFSRURtVUpZMjZKM3IvTHg1dHQKMmphWTEvV0l3MVREZnoxcnlWWDQ2QjhBVk1XeFZRay9DUHZPTnNBRkZ0TGQ2WnNuMXpGSlNGVnFlL3JSTzAwLwo2c2FNMjlNdm1ZSWdQaE01RTErYWFQaStpY3dBczdicnc2Y1BwWG9XZzR2VjB5NWozQnVYRHp0MXo4L05pKzdjCmFGTG9oKzdBN1YyQS8rNUh2azllUHRRRDl5emdpemxKNFRibmkxemMzbXpPY3pVbnlpZEE3QkE0Y2k0OTFlWkYKWCtvSXdRS0NBUUVBeTJiMGhyZFZ6UWRabVJHbGZrOTh2cjJDM1FXb3lINTRCMkYyOS9DQzU3eVREWU1xUzJlNgo0NTJ0OE9ibno0TlBPZEFYai9nTG9TWDcvY1JzUFBSbnhpWm1nZ2xTcGFUbmZkWlBrbE0vT241Vys0VEluNktNClVENXZZL3BQZHVaMDBmM1RkbU53U0RsbGd4b2o4SllBOUdqWGMwemdEZHdmQkFqOFpSaVZ3NmVsajJkTmFlWncKZzB2Y0UxRVEzT0czOHlCSVNPbEVqalVSbkhydUExQjZIRG5wRzEyNVprbjFwazFpemtrSkwxYytWSXMrOW9reQpnNkNVbWwxY2ZBU1dpcXJ1aTgxcno2RGxaNTBZazIvVDMwcnBhKzRzd3ZGbUxqNmdSKy9Ha2F6UWZ1QXFBRjJqCjdNSDlXT3dGYlR2K3JCdWpSV2c2VUdJRWRzRVFyejNleFFLQ0FRQXNFUUIzODFab0VTWUVZbEYzUERpcnZFNkIKcEdMM0Y0OVJxVWVmMDk3cFlINHdHWVBOUGV4emZuOFZ0ay9IekdtMHRMWUxDNkw2bjdubXUzTkpQNldKWWJlOQptMWFFZEJBOWFmb2hpR3dlMG9yZlI4WmpPckdqRTZnbEIrZGRweSs3UjgwUk4vUmRMNCthb0IvMmJ0YlVqajNmCjU1bGJndWRieFd1ZmJUaGoraWQ5V1F2TVVzazNUYWU2azZnNUhQR0VjazF6U1dQVkhsYTBzOEowVENPdnRqbjUKRnd0c0VQRnE5YkRSUmltb2hRK05MYVVxNlhLNm5lQ21KRVZhbys0d0tGNEFUNmtpeXdzTUUrM1ltdEU4WGRNMgpvOWdQNkpDdHdWRmFnUE0vTlFPcC93U2hyRUc2MkFURXlvN21ZRDNEa1ExSkxyZ2R0WkVheUNzbWNjTysKLS0tLS1FTkQgUlNBIFBSSVZBVEUgS0VZLS0tLS0K",
                "cluster_ca_certificate": "LS0tLS1CRUdJTiBDRVJUSUZJQ0FURS0tLS0tCk1JSUU2RENDQXRDZ0F3SUJBZ0lRU094WWdPSkpWc2k3V2JFYk1vMmkvVEFOQmdrcWhraUc5dzBCQVFzRkFEQU4KTVFzd0NRWURWUVFERXdKallUQWdGdzB5TmpBM01qSXhOVEUyTkRaYUdBOHlNRFUyTURjeU1qRTFNalkwTmxvdwpEVEVMTUFrR0ExVUVBeE1DWTJFd2dnSWlNQTBHQ1NxR1NJYjNEUUVCQVFVQUE0SUNEd0F3Z2dJS0FvSUNBUUNzCnpzWndGU2tYMDU0cUxEWk8rNlB4amJFdUx5UVVUNmRTZ0RGU0EzNGtzSUR5Z2FveXhqMDlBSHZBbUFPYXd5QlYKUlIrMnpuYlU1TktaNDR4UUo3RUYwVTl5dGpHYkJ6UHVBUFhTalpiQUFZUjFsVE5WQmV2bUVSRTZvQ29NeE5VRwpMOEFaejR0RzdBbGExMlh0Y3Z0R3lFVVpVck1Qd09hZUpUTTIrczcvdkpuYVByV1dheXN3L2VVZk9RLzhMcFQ4CjhuRm5Fek9lSWtZekRsSkVJMzZ0ZjZPbFZaVEJHdER6My9xelpVRDIvVTZZSnErbnVNYzdCRStDSUk0L0J5VncKdkFKYmQzL3BtcjZJazhRQ25UYlJxYzZTS0xEbW5pYlRNRHF4MjNYZ1VFdUFnTjNzZStBWFBRRjI5U2JVQnI1RgpOUnNKQklaQ0FaVndPSlFkN1I5R0grWDZ4QTdPRUxDeXFQbm9FNlZFL2JXUXQxN1EvWXllalpKc0EzK2F3eGhjCkphU0Ivek5yK1BWd3ZMWnNMNUJFOC9scHdKUWtXOVQ0WHBaUWtFaXBDZTZ2RHEwS1I1REFNNWMvT0U0dWxoMUkKOW5HekhBd011K3JBenRiR3lMOEE0Tm1UNXZlajBXZUhMSEJiN2VoSm9jbDN6RDdqNEt1RUdxdjBKWlRDOVQ2KwpWb1RJNmxrT213STZaTW1LMCtVYnRNSU5FZ0duRFZ4NTVydTVmSWNJdml0TUhoUTJ6Y3lKZnNxS0I4dmoxSGVuCjJzY1BHdXVnaUFqdGNDZ2MzL0p2V0hUZHNCd2ZVczgvTEZRczRqbFVOZ044aU5PbEhsd3BGRlkzZHNjbXRsaFIKVVBJbVRmUm9RRWpJbWlheGVXZUh4dFl5M2pHeU1rcmIxU1lBZEtXQzVRSURBUUFCbzBJd1FEQU9CZ05WSFE4QgpBZjhFQkFNQ0FxUXdEd1lEVlIwVEFRSC9CQVV3QXdFQi96QWRCZ05WSFE0RUZnUVV5a1FGcjlMMTByekw2OGVpCkJQd2ZvdUVjUjJVd0RRWUpLb1pJaHZjTkFRRUxCUUFEZ2dJQkFDZ2VGZ0Fic0svdW9DR0QyaXJxMHA2b0g5QlQKSm9NbGJnLytEQVE4SnF4aEZjRU9aOVZ3YTAxNWZQWlF4VytwaVlqL2FkRmZwTjJZd0FEVWpCVGIxck1vT3hzbApTZWlkNjlYb2cwWWcwNWlSbjVtbS9FeWt6R2lOZXh0SlBxRERSVTE1Q3lLQkRKOGVLS1h4bFp5blU1dnBvc2NPCngrdjhvSFhjaXNFSElCTUdCWGg5a21rakZWeXRyYWhmeEx5SGk5RlBVZDJGNmovbXptMHBaSENXb1p3UDdxbWQKK2VLZlJpenAvY1NFbUIzYmkwRURlTi9ZWnNBdi8yeWtmTzRmZWQ0NVVkOHhva1BUY0w5RVVLaE9Uai9DQUJHKwp3N3lKNU1JcGswb2lSa0kyT0ZhakpQdGZjTzdobGJ1K0wxTmNBKzZIZGpEcjIwMUl2UDNYTWhaZVNacVlGYzA5CmxrMG1vbG9ZUmRGRXBVSmR4UTFTblN5OFZHa0VzTkFOdlprbFVwM0t6L05rZXZ5WitzdjgwYTVGNlBXTm9Lb24KZFdHanpmQ1M2eGNzaEtHZ1gxdnhYSzhwNlVPUkorSlVHY2FRZGI0ZjErdUZ4VDB0dzI4eG8vekdBaEZ1V0ZGbQpqZXlubmQ0SnRkMjFiNFh1M0dkS05sRm1jZjVzeGR4TzFpQ0psQlZiNGEyVDRmdVI1RlFyNnpoejA0VERHT0R1CnRDcGN1UmNqWlRicEVENkc3cUZDeXoxdHVUSEFNMnIzWmZQWExacW83VlNhSjNlRE1iU0NrT1BTOUJzTGd4RjIKMWJtRThSbURWeWZ2cEVPc29SUHZOS3hEcklOZ2t5NW9HM1Y2M25sbnpVNmppWmsyYS81NFh0WkxTS0krRkNvWgpqTzNJbTlnR2dUTVJPeTVLCi0tLS0tRU5EIENFUlRJRklDQVRFLS0tLS0K",
                "host": "https://learningstepslvl-aks-x5z1z9h9.hcp.westeurope.azmk8s.io:443",
                "password": "a9epygdflv6l5u4fwtrjcb8xglvvvdgx99tt0wvcbeh1gs7lxmajj8xc38hbst4d9kme7bsg6fxqsofqooi2j215xsmhv92sxotkcwstt8mc1ihsjliz6qhdpzlf122s",
                "username": "clusterUser_learningstepslvl-rg_learningstepslvl-aks"
              }
            ],
            "kube_config_raw": "apiVersion: v1\nclusters:\n- cluster:\n    certificate-authority-data: LS0tLS1CRUdJTiBDRVJUSUZJQ0FURS0tLS0tCk1JSUU2RENDQXRDZ0F3SUJBZ0lRU094WWdPSkpWc2k3V2JFYk1vMmkvVEFOQmdrcWhraUc5dzBCQVFzRkFEQU4KTVFzd0NRWURWUVFERXdKallUQWdGdzB5TmpBM01qSXhOVEUyTkRaYUdBOHlNRFUyTURjeU1qRTFNalkwTmxvdwpEVEVMTUFrR0ExVUVBeE1DWTJFd2dnSWlNQTBHQ1NxR1NJYjNEUUVCQVFVQUE0SUNEd0F3Z2dJS0FvSUNBUUNzCnpzWndGU2tYMDU0cUxEWk8rNlB4amJFdUx5UVVUNmRTZ0RGU0EzNGtzSUR5Z2FveXhqMDlBSHZBbUFPYXd5QlYKUlIrMnpuYlU1TktaNDR4UUo3RUYwVTl5dGpHYkJ6UHVBUFhTalpiQUFZUjFsVE5WQmV2bUVSRTZvQ29NeE5VRwpMOEFaejR0RzdBbGExMlh0Y3Z0R3lFVVpVck1Qd09hZUpUTTIrczcvdkpuYVByV1dheXN3L2VVZk9RLzhMcFQ4CjhuRm5Fek9lSWtZekRsSkVJMzZ0ZjZPbFZaVEJHdER6My9xelpVRDIvVTZZSnErbnVNYzdCRStDSUk0L0J5VncKdkFKYmQzL3BtcjZJazhRQ25UYlJxYzZTS0xEbW5pYlRNRHF4MjNYZ1VFdUFnTjNzZStBWFBRRjI5U2JVQnI1RgpOUnNKQklaQ0FaVndPSlFkN1I5R0grWDZ4QTdPRUxDeXFQbm9FNlZFL2JXUXQxN1EvWXllalpKc0EzK2F3eGhjCkphU0Ivek5yK1BWd3ZMWnNMNUJFOC9scHdKUWtXOVQ0WHBaUWtFaXBDZTZ2RHEwS1I1REFNNWMvT0U0dWxoMUkKOW5HekhBd011K3JBenRiR3lMOEE0Tm1UNXZlajBXZUhMSEJiN2VoSm9jbDN6RDdqNEt1RUdxdjBKWlRDOVQ2KwpWb1RJNmxrT213STZaTW1LMCtVYnRNSU5FZ0duRFZ4NTVydTVmSWNJdml0TUhoUTJ6Y3lKZnNxS0I4dmoxSGVuCjJzY1BHdXVnaUFqdGNDZ2MzL0p2V0hUZHNCd2ZVczgvTEZRczRqbFVOZ044aU5PbEhsd3BGRlkzZHNjbXRsaFIKVVBJbVRmUm9RRWpJbWlheGVXZUh4dFl5M2pHeU1rcmIxU1lBZEtXQzVRSURBUUFCbzBJd1FEQU9CZ05WSFE4QgpBZjhFQkFNQ0FxUXdEd1lEVlIwVEFRSC9CQVV3QXdFQi96QWRCZ05WSFE0RUZnUVV5a1FGcjlMMTByekw2OGVpCkJQd2ZvdUVjUjJVd0RRWUpLb1pJaHZjTkFRRUxCUUFEZ2dJQkFDZ2VGZ0Fic0svdW9DR0QyaXJxMHA2b0g5QlQKSm9NbGJnLytEQVE4SnF4aEZjRU9aOVZ3YTAxNWZQWlF4VytwaVlqL2FkRmZwTjJZd0FEVWpCVGIxck1vT3hzbApTZWlkNjlYb2cwWWcwNWlSbjVtbS9FeWt6R2lOZXh0SlBxRERSVTE1Q3lLQkRKOGVLS1h4bFp5blU1dnBvc2NPCngrdjhvSFhjaXNFSElCTUdCWGg5a21rakZWeXRyYWhmeEx5SGk5RlBVZDJGNmovbXptMHBaSENXb1p3UDdxbWQKK2VLZlJpenAvY1NFbUIzYmkwRURlTi9ZWnNBdi8yeWtmTzRmZWQ0NVVkOHhva1BUY0w5RVVLaE9Uai9DQUJHKwp3N3lKNU1JcGswb2lSa0kyT0ZhakpQdGZjTzdobGJ1K0wxTmNBKzZIZGpEcjIwMUl2UDNYTWhaZVNacVlGYzA5CmxrMG1vbG9ZUmRGRXBVSmR4UTFTblN5OFZHa0VzTkFOdlprbFVwM0t6L05rZXZ5WitzdjgwYTVGNlBXTm9Lb24KZFdHanpmQ1M2eGNzaEtHZ1gxdnhYSzhwNlVPUkorSlVHY2FRZGI0ZjErdUZ4VDB0dzI4eG8vekdBaEZ1V0ZGbQpqZXlubmQ0SnRkMjFiNFh1M0dkS05sRm1jZjVzeGR4TzFpQ0psQlZiNGEyVDRmdVI1RlFyNnpoejA0VERHT0R1CnRDcGN1UmNqWlRicEVENkc3cUZDeXoxdHVUSEFNMnIzWmZQWExacW83VlNhSjNlRE1iU0NrT1BTOUJzTGd4RjIKMWJtRThSbURWeWZ2cEVPc29SUHZOS3hEcklOZ2t5NW9HM1Y2M25sbnpVNmppWmsyYS81NFh0WkxTS0krRkNvWgpqTzNJbTlnR2dUTVJPeTVLCi0tLS0tRU5EIENFUlRJRklDQVRFLS0tLS0K\n    server: https://learningstepslvl-aks-x5z1z9h9.hcp.westeurope.azmk8s.io:443\n  name: learningstepslvl-aks\ncontexts:\n- context:\n    cluster: learningstepslvl-aks\n    user: clusterUser_learningstepslvl-rg_learningstepslvl-aks\n  name: learningstepslvl-aks\ncurrent-context: learningstepslvl-aks\nkind: Config\nusers:\n- name: clusterUser_learningstepslvl-rg_learningstepslvl-aks\n  user:\n    client-certificate-data: LS0tLS1CRUdJTiBDRVJUSUZJQ0FURS0tLS0tCk1JSUZIakNDQXdhZ0F3SUJBZ0lSQU9IaHpIVUY4cVVpeGVZeHc5Qk83ajB3RFFZSktvWklodmNOQVFFTEJRQXcKRFRFTE1Ba0dBMVVFQXhNQ1kyRXdIaGNOTWpZd056SXlNVFV4TmpRMldoY05Namd3TnpJeU1UVXlOalEyV2pBdwpNUmN3RlFZRFZRUUtFdzV6ZVhOMFpXMDZiV0Z6ZEdWeWN6RVZNQk1HQTFVRUF4TU1iV0Z6ZEdWeVkyeHBaVzUwCk1JSUNJakFOQmdrcWhraUc5dzBCQVFFRkFBT0NBZzhBTUlJQ0NnS0NBZ0VBcmdVNDhsbzhRalVqY3BQV2ZLRC8KeDlhYklLVnpCWW5VVnM5dTZkam0yaGtnVVRxbW9MbUVrcjJTbmI5UlV0Wlp5djc0VUZ1NTFMSGpkSkRGWVJMdwpFVzRsMTc0R25BTjNGRE5UWmJ6cUF3TFNCaVBoYkdsRjUwOTN4VFBXNVllandUbW9odjNpbVJZa2pRNzlZUmpVCnc4Rm5QZUtaeHlHYTJSREsyMk8wbTlsWXU5YUIwT3RQc1lKTmZ3MG9KSGl3UkswdGhQenczWnU3QVBNUi93UWgKR1hvRXNmck9EZy9CemtUSTlpeHk2ei91Z2dpQ3hhMjBuLzllNzRrWEhSNE1pZmZnVUR5bmpMSk5QSlNUdVBCdAoxRGt4OFhNS2hFSWFKUWxOMDZ0UFNqREZoZHVWOXppRjIrQ0d2QkE2MlVQVzRJTXFnUzB4MjJ2UitsVTRtLzhpCnRnZE5hZ3dnUTdYZEVjVDZHam02TzAxREpBRmFQMzZUbTU1ZUhPRGJCWnRiWVJTaElhc2tyZWxuUW91WUdKZ3oKRkdhcTgrQWFIRzlaOFRPREp0VUxoVkdUbEk2Z0tKaEZ5bC9weDJ1anBYZStQU2Q5L1VJcHBJMytZajIrVGlXbApTY0lNTzlRKzlWejlvNFdodUE4amRDZFd6cGROTllZY2NEa1pxYmJhcy9QWDk0b1VicTkvcHM3NHMyNlRvRzE5CkZLMG9tMkRqT0NvTnZyMlJqdUtaVDZadThWSnREYW1oK3hzc2FvZ3pQUkRoSm15Vk9Ba3grSWo4SmYwZTNqMzkKQnNxK1JKaHVTSkRFNWQvNzVrdDdOM0dWcmVJaHdzbm1IcnBvY0tFdUVUeTYxeDdwdFk5TWdyYkNkY2RQK28zVQpENkRjM0V5YzI1Y3NHb05oRDZJRStHMENBd0VBQWFOV01GUXdEZ1lEVlIwUEFRSC9CQVFEQWdXZ01CTUdBMVVkCkpRUU1NQW9HQ0NzR0FRVUZCd01DTUF3R0ExVWRFd0VCL3dRQ01BQXdId1lEVlIwakJCZ3dGb0FVeWtRRnI5TDEKMHJ6TDY4ZWlCUHdmb3VFY1IyVXdEUVlKS29aSWh2Y05BUUVMQlFBRGdnSUJBSFpIVFlCT3ZDdkUxdm5GdzU3dgpWS1Q0RTh1dFFWSk1qdVk3UDFmV3RsSzBYWVlqTmVNYk51d2F6UDJUdE5TL3dlQkZDUmpxU2trTldiRlVkNDhwClpFY3hwZzJOWm43ZFNXSHVHbFVTME9uNXNQNXRhZXBON3QwYjNrVWovZFFaa1QrZmlIMTVPQ3NWTmlxdnIxbjkKdlNaQTNUSndnaTM5bjZzYXJzNHJERHhoQXhIWlBaUEhlNmNHb0c0VXJSZ09VRDJmV3BsclBLM05hd2xyYWF3dgpNQWV5UnJmdGhKV251eCtSZjlFaWJJNDJVcm4xNFZWVlpvcFpCZ0FjWEtQZ2pqcFNPZHhrY3VXQjlvd1libGlLCkY5cXRBcm1BaCtEVURHTnBFWDM0OFhSL2xaVW9mSkRvV3htU09rWUZIMkJCNlRoR1g0dUlab1pWNHJnYzdpTUQKa0RSajhkdUhUTTkvaHNENzNqWjdDV0RsSWVxbFEzaHcwUHVWSGJ5UnhpeDRVdlR0RXBFL2dncnhieEMzTXRVRgozZ3hMeGQwUXhFc0ZCSGw2WFVVM3hlK0lKbmp6bm90OXF0bUw5TXZSQkdjeElPblFLa0xGWWNFVFJnRFlZSHlWCkNDME14K2ozS2RscjdNeE1JQjA2OXZoWElxMDFHZVNPbUtkNkFMN2NaMnFYNjhjYUt2Y0tXMjBraHJIcmYzVlEKMEd3dGdvVWFIMXllQnkwMmMzbDV2Q2ZORjVwY0kyTUZyOHBzZnZYNTUvaTZKN2hXMG10OFVTdkp5OHVEYmljcQo1Y09DU1loU2tMVHNuWUJyY2JxRnpuQndsK0VodnFxVHUrQTd6ZjRsVkFiT0pNdG5TQ3plZGZSUWdCcnhOc0ljCmtLYXl1TmJSZmJvNEJUN3A3bWh4ejh4TAotLS0tLUVORCBDRVJUSUZJQ0FURS0tLS0tCg==\n    client-key-data: LS0tLS1CRUdJTiBSU0EgUFJJVkFURSBLRVktLS0tLQpNSUlKS1FJQkFBS0NBZ0VBcmdVNDhsbzhRalVqY3BQV2ZLRC94OWFiSUtWekJZblVWczl1NmRqbTJoa2dVVHFtCm9MbUVrcjJTbmI5UlV0Wlp5djc0VUZ1NTFMSGpkSkRGWVJMd0VXNGwxNzRHbkFOM0ZETlRaYnpxQXdMU0JpUGgKYkdsRjUwOTN4VFBXNVllandUbW9odjNpbVJZa2pRNzlZUmpVdzhGblBlS1p4eUdhMlJESzIyTzBtOWxZdTlhQgowT3RQc1lKTmZ3MG9KSGl3UkswdGhQenczWnU3QVBNUi93UWhHWG9Fc2ZyT0RnL0J6a1RJOWl4eTZ6L3VnZ2lDCnhhMjBuLzllNzRrWEhSNE1pZmZnVUR5bmpMSk5QSlNUdVBCdDFEa3g4WE1LaEVJYUpRbE4wNnRQU2pERmhkdVYKOXppRjIrQ0d2QkE2MlVQVzRJTXFnUzB4MjJ2UitsVTRtLzhpdGdkTmFnd2dRN1hkRWNUNkdqbTZPMDFESkFGYQpQMzZUbTU1ZUhPRGJCWnRiWVJTaElhc2tyZWxuUW91WUdKZ3pGR2FxOCtBYUhHOVo4VE9ESnRVTGhWR1RsSTZnCktKaEZ5bC9weDJ1anBYZStQU2Q5L1VJcHBJMytZajIrVGlXbFNjSU1POVErOVZ6OW80V2h1QThqZENkV3pwZE4KTllZY2NEa1pxYmJhcy9QWDk0b1VicTkvcHM3NHMyNlRvRzE5Rkswb20yRGpPQ29OdnIyUmp1S1pUNlp1OFZKdApEYW1oK3hzc2FvZ3pQUkRoSm15Vk9Ba3grSWo4SmYwZTNqMzlCc3ErUkpodVNKREU1ZC83NWt0N04zR1ZyZUloCndzbm1IcnBvY0tFdUVUeTYxeDdwdFk5TWdyYkNkY2RQK28zVUQ2RGMzRXljMjVjc0dvTmhENklFK0cwQ0F3RUEKQVFLQ0FnQWVtS3I0UzM3RVNra0MvSFRPQVZXdmltOUllR2FHandML1IyWHlKakdDbjcvVG9Gc0xMOHNjTE1vaQpRN0RWL251WHFpZzVJc09EM3NvRjVPMWJRY1BsWUtjMUxVTkd1NEk4a2tDanh1a2pJZVFROGM2UTY5cC9UclRaCmZxR1dSamkzd0w0OWk5YURRWVlvS2Y1SlM5OGUwdnFtd2hoMUQxYkZPd05idXdaV2o0cWZMaG94aENvRkpRcWcKbjh6U3lzaDlMckN0N1BZaGxKKzJ6VVg0L3o0ZGwxdExlclF2ZXp4QldzMDFvVCtNVnJlRjg5NmdTSWdWU0labAoyY1h2VitqdStoN2RwS2gxMzZTZVZlWTZNa1d4Tm1RdVZtSi9PZ3NVUDNSSVZ0cXdTZTUwdUZTLy9KZG1meTNaClU0WXhUSkR6ZFFSc1pXaWFjblRmRFl4UU96WGNIcWlDTFRleFZFcVBEVnk1SDJmSC9Md3RyemdjazMybU00RXEKWXdoNE1OQml6Y0wxRGNUQ2Jra1pTNHVMSVh2Q3lVelA0UjJraVJ6R0c3Tm1sTVh3QitiTHRVbkFhVGEzTURyRApkdmUydGpQdjhLbFdhUWFqbE1UbHdCN20xZUFiMFhDN2RZTjZhaHdxKy83REk1SmpMc0grZlBRdytHRTdNK3FKCmlQK3drUisxeVpWdWdoZjJXS2tGZ044VWs3Z212dFExSk15cWY2aFZoYllWSnRsZC9QWXVZb0V0WGhhVUNCTVcKNUhZZEdvNFBxVHpLNTRBWlpSNDBLYmFCRjlCclpQSkt6SVdJQi9kUUtaZWZOb1pyVUV0QkUxUFM2QUdyY3NteQovQ1pCdlpTTjJ0WURhYmJYeUxlcjFTWEVQdDJ4MjNRdDIrNFNxY25KblBOSTh2M1o2UUtDQVFFQTB6b2NrTjBTCkl6eEEwcGgwalVrK1BRYTF4cFlXdVQyd0l6a01lSW5XQUp1aU9kTFBidHhaS3Fkc1dPbThVbVNOMWJubkZybzEKMzZ0cFdMampZMm5VWXlmdVVTK2FaRUdPMVBhcDg2NnptTFhkZVdRQVM4akNob1RXbWxUVEZMTllsQ1dheEg4cwpaZEk1M3hpWnRJVDlrWWRWSWRTR2xscWJjby9ZVXFGa0YrcFByTi9GQTQ5VEU2VTA2UTJGazNXSFJIdnVLZWdmCjdlMVBzTXo3Sm01YWtXMTNVUXZPb2VBSmNMWUxzWGtzMnhmNHdvcDV6ZXVaL1YyZG5UTjVXcHpTL0dvUUMvU1YKNU9GQ1pZdEdwWjdiOXJIbHRLTVZLWEJZT2JteUdqYjBnVGRnSWJSek4zMHBobFgyTk5DSkdsUlBNSFdicjIvMwo1MFlKRVRYeG4yNktHUUtDQVFFQTB1Z24wRENHVzhLc05uOTVSUzNqNkcreXFsM0p5bzZoTy9aN3NiSi9JK3VNCmt4VjhjcnF3TFljZTVPTDNXSjhQQ3hsaGVxZHVJUGZOZit3MXoxZVhTUlNiU202UmRXL2V4Q0dzQWRlWG4xVmYKMlo1SVlYckUwT1RUTVd5OGlmSDZDQnB1SE5lRkZHcVVMODc0bkhKMzAzeDZTYUM5L0tlNENPRFh1bU1mYTFPcwpGd0pmYkJEWHhuaUsrSktDTlpCTnlSNkVSNm9YT096MWNHTGV3SUZYSVEzL3pYclNHeUJia2czdDhUK0UxdkdYCmVnM3diZ0hUcjFCcGF0R1pXS3R6dGRwVU0yd3h4a1VMdWt2UWhDdmk2a29aYkZVQ3dUTlhublNlWk5BQWRhS0EKMXRUTWdyR3NGRUppa25UdEExOGZCNlRwLzdibUdja2ZKM0d2bWtBVGRRS0NBUUVBdGw4T0d1VkVxN2R5SUdJUQovNHVsZVBzNkp1T2Zhd0NmKzBsZVF4UisrTGRuTVpXYUU1V2NSditXeEkzS1V6a09YT0hOYkFvS1NidXRrVFRRCjN4eVlpNlFHVjRKS1F4VjNSTmhUbEZuYUpwZWZTUmZXU1poa205QkZtYXB6TlFSRURtVUpZMjZKM3IvTHg1dHQKMmphWTEvV0l3MVREZnoxcnlWWDQ2QjhBVk1XeFZRay9DUHZPTnNBRkZ0TGQ2WnNuMXpGSlNGVnFlL3JSTzAwLwo2c2FNMjlNdm1ZSWdQaE01RTErYWFQaStpY3dBczdicnc2Y1BwWG9XZzR2VjB5NWozQnVYRHp0MXo4L05pKzdjCmFGTG9oKzdBN1YyQS8rNUh2azllUHRRRDl5emdpemxKNFRibmkxemMzbXpPY3pVbnlpZEE3QkE0Y2k0OTFlWkYKWCtvSXdRS0NBUUVBeTJiMGhyZFZ6UWRabVJHbGZrOTh2cjJDM1FXb3lINTRCMkYyOS9DQzU3eVREWU1xUzJlNgo0NTJ0OE9ibno0TlBPZEFYai9nTG9TWDcvY1JzUFBSbnhpWm1nZ2xTcGFUbmZkWlBrbE0vT241Vys0VEluNktNClVENXZZL3BQZHVaMDBmM1RkbU53U0RsbGd4b2o4SllBOUdqWGMwemdEZHdmQkFqOFpSaVZ3NmVsajJkTmFlWncKZzB2Y0UxRVEzT0czOHlCSVNPbEVqalVSbkhydUExQjZIRG5wRzEyNVprbjFwazFpemtrSkwxYytWSXMrOW9reQpnNkNVbWwxY2ZBU1dpcXJ1aTgxcno2RGxaNTBZazIvVDMwcnBhKzRzd3ZGbUxqNmdSKy9Ha2F6UWZ1QXFBRjJqCjdNSDlXT3dGYlR2K3JCdWpSV2c2VUdJRWRzRVFyejNleFFLQ0FRQXNFUUIzODFab0VTWUVZbEYzUERpcnZFNkIKcEdMM0Y0OVJxVWVmMDk3cFlINHdHWVBOUGV4emZuOFZ0ay9IekdtMHRMWUxDNkw2bjdubXUzTkpQNldKWWJlOQptMWFFZEJBOWFmb2hpR3dlMG9yZlI4WmpPckdqRTZnbEIrZGRweSs3UjgwUk4vUmRMNCthb0IvMmJ0YlVqajNmCjU1bGJndWRieFd1ZmJUaGoraWQ5V1F2TVVzazNUYWU2azZnNUhQR0VjazF6U1dQVkhsYTBzOEowVENPdnRqbjUKRnd0c0VQRnE5YkRSUmltb2hRK05MYVVxNlhLNm5lQ21KRVZhbys0d0tGNEFUNmtpeXdzTUUrM1ltdEU4WGRNMgpvOWdQNkpDdHdWRmFnUE0vTlFPcC93U2hyRUc2MkFURXlvN21ZRDNEa1ExSkxyZ2R0WkVheUNzbWNjTysKLS0tLS1FTkQgUlNBIFBSSVZBVEUgS0VZLS0tLS0K\n    token: a9epygdflv6l5u4fwtrjcb8xglvvvdgx99tt0wvcbeh1gs7lxmajj8xc38hbst4d9kme7bsg6fxqsofqooi2j215xsmhv92sxotkcwstt8mc1ihsjliz6qhdpzlf122s\n",
            "kubelet_identity": [
              {
                "client_id": "0fb53843-cfdb-43fc-941b-d87e32f48bbb",
                "object_id": "34bc4cda-818a-43a0-bcc6-bb300cc2ac66",
                "user_assigned_identity_id": "/subscriptions/38697092-adc9-49fa-b2ed-d20d7b52c26f/resourceGroups/MC_learningstepslvl-rg_learningstepslvl-aks_westeurope/providers/Microsoft.ManagedIdentity/userAssignedIdentities/learningstepslvl-aks-agentpool"
              }
            ],
            "kubernetes_version": "1.35",
            "linux_profile": [],
            "local_account_disabled": false,
            "location": "westeurope",
            "maintenance_window": [],
            "maintenance_window_auto_upgrade": [],
            "maintenance_window_node_os": [],
            "microsoft_defender": [],
            "monitor_metrics": [],
            "name": "learningstepslvl-aks",
            "network_profile": [
              {
                "advanced_networking": [],
                "dns_service_ip": "10.1.0.10",
                "ip_versions": [
                  "IPv4"
                ],
                "load_balancer_profile": [
                  {
                    "backend_pool_type": "NodeIPConfiguration",
                    "effective_outbound_ips": [
                      "/subscriptions/38697092-adc9-49fa-b2ed-d20d7b52c26f/resourceGroups/MC_learningstepslvl-rg_learningstepslvl-aks_westeurope/providers/Microsoft.Network/publicIPAddresses/153f90dc-c57f-41ee-9b3c-530d5b4619bc"
                    ],
                    "idle_timeout_in_minutes": 0,
                    "managed_outbound_ip_count": 1,
                    "managed_outbound_ipv6_count": 0,
                    "outbound_ip_address_ids": [],
                    "outbound_ip_prefix_ids": [],
                    "outbound_ports_allocated": 0
                  }
                ],
                "load_balancer_sku": "standard",
                "nat_gateway_profile": [],
                "network_data_plane": "azure",
                "network_mode": "",
                "network_plugin": "azure",
                "network_plugin_mode": "",
                "network_policy": "",
                "outbound_type": "loadBalancer",
                "pod_cidr": "",
                "pod_cidrs": [],
                "service_cidr": "10.1.0.0/16",
                "service_cidrs": [
                  "10.1.0.0/16"
                ]
              }
            ],
            "node_os_upgrade_channel": "NodeImage",
            "node_provisioning_profile": [
              {
                "default_node_pools": "",
                "mode": "Manual"
              }
            ],
            "node_resource_group": "MC_learningstepslvl-rg_learningstepslvl-aks_westeurope",
            "node_resource_group_id": "/subscriptions/38697092-adc9-49fa-b2ed-d20d7b52c26f/resourceGroups/MC_learningstepslvl-rg_learningstepslvl-aks_westeurope",
            "oidc_issuer_enabled": true,
            "oidc_issuer_url": "https://westeurope.oic.prod-aks.azure.com/c0531484-50fa-4ff2-97df-b1f2d4810603/64c0ffd9-84f5-4451-94ff-de4390b6c85f/",
            "oms_agent": [],
            "open_service_mesh_enabled": false,
            "portal_fqdn": "learningstepslvl-aks-x5z1z9h9.portal.hcp.westeurope.azmk8s.io",
            "private_cluster_enabled": false,
            "private_cluster_public_fqdn_enabled": false,
            "private_dns_zone_id": "",
            "private_fqdn": "",
            "resource_group_name": "learningstepslvl-rg",
            "role_based_access_control_enabled": true,
            "run_command_enabled": true,
            "service_mesh_profile": [],
            "service_principal": [],
            "sku_tier": "Free",
            "storage_profile": [],
            "support_plan": "KubernetesOfficial",
            "tags": {
              "created-on": "2026-07-22T15:25:52.7798279Z"
            },
            "timeouts": null,
            "upgrade_override": [],
            "web_app_routing": [],
            "windows_profile": [
              {
                "admin_password": "",
                "admin_username": "azureuser",
                "gmsa": [],
                "license": ""
              }
            ],
            "workload_autoscaler_profile": [],
            "workload_identity_enabled": false
          },
          "sensitive_attributes": [
            [
              {
                "type": "get_attr",
                "value": "kube_admin_config"
              }
            ],
            [
              {
                "type": "get_attr",
                "value": "kube_admin_config_raw"
              }
            ],
            [
              {
                "type": "get_attr",
                "value": "kube_config"
              }
            ],
            [
              {
                "type": "get_attr",
                "value": "kube_config_raw"
              }
            ],
            [
              {
                "type": "get_attr",
                "value": "windows_profile"
              },
              {
                "type": "index",
                "value": {
                  "value": 0,
                  "type": "number"
                }
              },
              {
                "type": "get_attr",
                "value": "admin_password"
              }
            ]
          ],
          "identity_schema_version": 0,
          "private": "eyJlMmJmYjczMC1lY2FhLTExZTYtOGY4OC0zNDM2M2JjN2M0YzAiOnsiY3JlYXRlIjo1NDAwMDAwMDAwMDAwLCJkZWxldGUiOjU0MDAwMDAwMDAwMDAsInJlYWQiOjMwMDAwMDAwMDAwMCwidXBkYXRlIjo1NDAwMDAwMDAwMDAwfSwic2NoZW1hX3ZlcnNpb24iOiIyIn0=",
          "dependencies": [
            "azurerm_resource_group.main",
            "azurerm_subnet.aks",
            "azurerm_virtual_network.main"
          ]
        }
      ]
    },
    {
      "mode": "managed",
      "type": "azurerm_postgresql_flexible_server",
      "name": "main",
      "provider": "provider[\"registry.terraform.io/hashicorp/azurerm\"]",
      "instances": [
        {
          "schema_version": 0,
          "attributes": {
            "administrator_login": "pgadmin",
            "administrator_password": "SomeStr0ng!Pass",
            "administrator_password_wo": null,
            "administrator_password_wo_version": 0,
            "authentication": [
              {
                "active_directory_auth_enabled": false,
                "password_auth_enabled": true,
                "tenant_id": ""
              }
            ],
            "auto_grow_enabled": false,
            "backup_retention_days": 7,
            "cluster": [],
            "create_mode": null,
            "customer_managed_key": [],
            "delegated_subnet_id": "/subscriptions/38697092-adc9-49fa-b2ed-d20d7b52c26f/resourceGroups/learningstepslvl-rg/providers/Microsoft.Network/virtualNetworks/learningstepslvl-vnet/subnets/db-subnet",
            "fqdn": "learningstepslvl-pg.postgres.database.azure.com",
            "geo_redundant_backup_enabled": false,
            "high_availability": [],
            "id": "/subscriptions/38697092-adc9-49fa-b2ed-d20d7b52c26f/resourceGroups/learningstepslvl-rg/providers/Microsoft.DBforPostgreSQL/flexibleServers/learningstepslvl-pg",
            "identity": [],
            "location": "westeurope",
            "maintenance_window": [],
            "name": "learningstepslvl-pg",
            "point_in_time_restore_time_in_utc": "",
            "private_dns_zone_id": "/subscriptions/38697092-adc9-49fa-b2ed-d20d7b52c26f/resourceGroups/learningstepslvl-rg/providers/Microsoft.Network/privateDnsZones/learningstepslvl.postgres.database.azure.com",
            "public_network_access_enabled": false,
            "replication_role": "",
            "resource_group_name": "learningstepslvl-rg",
            "sku_name": "B_Standard_B1ms",
            "source_server_id": "",
            "storage_mb": 32768,
            "storage_tier": "P4",
            "tags": {
              "created-on": "2026-07-22T15:26:41.6701004Z"
            },
            "timeouts": null,
            "version": "16",
            "zone": "1"
          },
          "sensitive_attributes": [
            [
              {
                "type": "get_attr",
                "value": "administrator_password"
              }
            ]
          ],
          "identity_schema_version": 0,
          "private": "eyJlMmJmYjczMC1lY2FhLTExZTYtOGY4OC0zNDM2M2JjN2M0YzAiOnsiY3JlYXRlIjozNjAwMDAwMDAwMDAwLCJkZWxldGUiOjM2MDAwMDAwMDAwMDAsInJlYWQiOjMwMDAwMDAwMDAwMCwidXBkYXRlIjozNjAwMDAwMDAwMDAwfX0=",
          "dependencies": [
            "azurerm_private_dns_zone.pg",
            "azurerm_private_dns_zone_virtual_network_link.pg",
            "azurerm_resource_group.main",
            "azurerm_subnet.db",
            "azurerm_virtual_network.main"
          ]
        }
      ]
    },
    {
      "mode": "managed",
      "type": "azurerm_postgresql_flexible_server_database",
      "name": "app",
      "provider": "provider[\"registry.terraform.io/hashicorp/azurerm\"]",
      "instances": [
        {
          "schema_version": 0,
          "attributes": {
            "charset": "UTF8",
            "collation": "en_US.utf8",
            "id": "/subscriptions/38697092-adc9-49fa-b2ed-d20d7b52c26f/resourceGroups/learningstepslvl-rg/providers/Microsoft.DBforPostgreSQL/flexibleServers/learningstepslvl-pg/databases/learningsteps",
            "name": "learningsteps",
            "server_id": "/subscriptions/38697092-adc9-49fa-b2ed-d20d7b52c26f/resourceGroups/learningstepslvl-rg/providers/Microsoft.DBforPostgreSQL/flexibleServers/learningstepslvl-pg",
            "timeouts": null
          },
          "sensitive_attributes": [],
          "identity_schema_version": 0,
          "private": "eyJlMmJmYjczMC1lY2FhLTExZTYtOGY4OC0zNDM2M2JjN2M0YzAiOnsiY3JlYXRlIjoxODAwMDAwMDAwMDAwLCJkZWxldGUiOjE4MDAwMDAwMDAwMDAsInJlYWQiOjMwMDAwMDAwMDAwMH19",
          "dependencies": [
            "azurerm_postgresql_flexible_server.main",
            "azurerm_private_dns_zone.pg",
            "azurerm_private_dns_zone_virtual_network_link.pg",
            "azurerm_resource_group.main",
            "azurerm_subnet.db",
            "azurerm_virtual_network.main"
          ]
        }
      ]
    },
    {
      "mode": "managed",
      "type": "azurerm_private_dns_zone",
      "name": "pg",
      "provider": "provider[\"registry.terraform.io/hashicorp/azurerm\"]",
      "instances": [
        {
          "schema_version": 0,
          "attributes": {
            "id": "/subscriptions/38697092-adc9-49fa-b2ed-d20d7b52c26f/resourceGroups/learningstepslvl-rg/providers/Microsoft.Network/privateDnsZones/learningstepslvl.postgres.database.azure.com",
            "max_number_of_record_sets": 25000,
            "max_number_of_virtual_network_links": 1000,
            "max_number_of_virtual_network_links_with_registration": 100,
            "name": "learningstepslvl.postgres.database.azure.com",
            "number_of_record_sets": 1,
            "resource_group_name": "learningstepslvl-rg",
            "soa_record": [
              {
                "email": "azureprivatedns-host.microsoft.com",
                "expire_time": 2419200,
                "fqdn": "learningstepslvl.postgres.database.azure.com.",
                "host_name": "azureprivatedns.net",
                "minimum_ttl": 10,
                "refresh_time": 3600,
                "retry_time": 300,
                "serial_number": 1,
                "tags": {},
                "ttl": 3600
              }
            ],
            "tags": {
              "created-on": "2026-07-22T15:25:34.1586883Z"
            },
            "timeouts": null
          },
          "sensitive_attributes": [],
          "identity_schema_version": 0,
          "identity": {
            "name": "learningstepslvl.postgres.database.azure.com",
            "resource_group_name": "learningstepslvl-rg",
            "subscription_id": "38697092-adc9-49fa-b2ed-d20d7b52c26f"
          },
          "private": "eyJlMmJmYjczMC1lY2FhLTExZTYtOGY4OC0zNDM2M2JjN2M0YzAiOnsiY3JlYXRlIjoxODAwMDAwMDAwMDAwLCJkZWxldGUiOjE4MDAwMDAwMDAwMDAsInJlYWQiOjMwMDAwMDAwMDAwMCwidXBkYXRlIjoxODAwMDAwMDAwMDAwfX0=",
          "dependencies": [
            "azurerm_resource_group.main"
          ]
        }
      ]
    },
    {
      "mode": "managed",
      "type": "azurerm_private_dns_zone_virtual_network_link",
      "name": "pg",
      "provider": "provider[\"registry.terraform.io/hashicorp/azurerm\"]",
      "instances": [
        {
          "schema_version": 0,
          "attributes": {
            "id": "/subscriptions/38697092-adc9-49fa-b2ed-d20d7b52c26f/resourceGroups/learningstepslvl-rg/providers/Microsoft.Network/privateDnsZones/learningstepslvl.postgres.database.azure.com/virtualNetworkLinks/learningstepslvl-pg-link",
            "name": "learningstepslvl-pg-link",
            "private_dns_zone_name": "learningstepslvl.postgres.database.azure.com",
            "registration_enabled": false,
            "resolution_policy": "",
            "resource_group_name": "learningstepslvl-rg",
            "tags": {
              "created-on": "2026-07-22T15:26:08.3801790Z"
            },
            "timeouts": null,
            "virtual_network_id": "/subscriptions/38697092-adc9-49fa-b2ed-d20d7b52c26f/resourceGroups/learningstepslvl-rg/providers/Microsoft.Network/virtualNetworks/learningstepslvl-vnet"
          },
          "sensitive_attributes": [],
          "identity_schema_version": 0,
          "identity": {
            "name": "learningstepslvl-pg-link",
            "private_dns_zone_name": "learningstepslvl.postgres.database.azure.com",
            "resource_group_name": "learningstepslvl-rg",
            "subscription_id": "38697092-adc9-49fa-b2ed-d20d7b52c26f"
          },
          "private": "eyJlMmJmYjczMC1lY2FhLTExZTYtOGY4OC0zNDM2M2JjN2M0YzAiOnsiY3JlYXRlIjoxODAwMDAwMDAwMDAwLCJkZWxldGUiOjE4MDAwMDAwMDAwMDAsInJlYWQiOjMwMDAwMDAwMDAwMCwidXBkYXRlIjoxODAwMDAwMDAwMDAwfX0=",
          "dependencies": [
            "azurerm_private_dns_zone.pg",
            "azurerm_resource_group.main",
            "azurerm_virtual_network.main"
          ]
        }
      ]
    },
    {
      "mode": "managed",
      "type": "azurerm_resource_group",
      "name": "main",
      "provider": "provider[\"registry.terraform.io/hashicorp/azurerm\"]",
      "instances": [
        {
          "schema_version": 0,
          "attributes": {
            "id": "/subscriptions/38697092-adc9-49fa-b2ed-d20d7b52c26f/resourceGroups/learningstepslvl-rg",
            "location": "westeurope",
            "managed_by": "",
            "name": "learningstepslvl-rg",
            "tags": {
              "created-on": "2026-07-22T15:25:09.5254632Z"
            },
            "timeouts": null
          },
          "sensitive_attributes": [],
          "identity_schema_version": 0,
          "identity": {
            "name": "learningstepslvl-rg",
            "subscription_id": "38697092-adc9-49fa-b2ed-d20d7b52c26f"
          },
          "private": "eyJlMmJmYjczMC1lY2FhLTExZTYtOGY4OC0zNDM2M2JjN2M0YzAiOnsiY3JlYXRlIjo1NDAwMDAwMDAwMDAwLCJkZWxldGUiOjU0MDAwMDAwMDAwMDAsInJlYWQiOjMwMDAwMDAwMDAwMCwidXBkYXRlIjo1NDAwMDAwMDAwMDAwfX0="
        }
      ]
    },
    {
      "mode": "managed",
      "type": "azurerm_role_assignment",
      "name": "aks_acr_pull",
      "provider": "provider[\"registry.terraform.io/hashicorp/azurerm\"]",
      "instances": [
        {
          "schema_version": 0,
          "attributes": {
            "condition": "",
            "condition_version": "",
            "delegated_managed_identity_resource_id": "",
            "description": "",
            "id": "/subscriptions/38697092-adc9-49fa-b2ed-d20d7b52c26f/resourceGroups/learningstepslvl-rg/providers/Microsoft.ContainerRegistry/registries/evolution012983/providers/Microsoft.Authorization/roleAssignments/2d1fb465-9123-6869-9d01-4b85b2673bac",
            "name": "2d1fb465-9123-6869-9d01-4b85b2673bac",
            "principal_id": "34bc4cda-818a-43a0-bcc6-bb300cc2ac66",
            "principal_type": "ServicePrincipal",
            "role_definition_id": "/subscriptions/38697092-adc9-49fa-b2ed-d20d7b52c26f/providers/Microsoft.Authorization/roleDefinitions/7f951dda-4ed3-4680-a7ca-43fe172d538d",
            "role_definition_name": "AcrPull",
            "scope": "/subscriptions/38697092-adc9-49fa-b2ed-d20d7b52c26f/resourceGroups/learningstepslvl-rg/providers/Microsoft.ContainerRegistry/registries/evolution012983",
            "skip_service_principal_aad_check": true,
            "timeouts": null
          },
          "sensitive_attributes": [],
          "identity_schema_version": 0,
          "private": "eyJlMmJmYjczMC1lY2FhLTExZTYtOGY4OC0zNDM2M2JjN2M0YzAiOnsiY3JlYXRlIjoxODAwMDAwMDAwMDAwLCJkZWxldGUiOjE4MDAwMDAwMDAwMDAsInJlYWQiOjMwMDAwMDAwMDAwMH19",
          "dependencies": [
            "azurerm_container_registry.main",
            "azurerm_kubernetes_cluster.main",
            "azurerm_resource_group.main",
            "azurerm_subnet.aks",
            "azurerm_virtual_network.main"
          ]
        }
      ]
    },
    {
      "mode": "managed",
      "type": "azurerm_role_assignment",
      "name": "kv_secrets_officer",
      "provider": "provider[\"registry.terraform.io/hashicorp/azurerm\"]",
      "instances": [
        {
          "schema_version": 0,
          "attributes": {
            "condition": "",
            "condition_version": "",
            "delegated_managed_identity_resource_id": "",
            "description": "",
            "id": "/subscriptions/38697092-adc9-49fa-b2ed-d20d7b52c26f/resourceGroups/learningstepslvl-rg/providers/Microsoft.KeyVault/vaults/learnsteps-kv-388521/providers/Microsoft.Authorization/roleAssignments/49c94560-4c25-90d1-e1d7-5719b705a019",
            "name": "49c94560-4c25-90d1-e1d7-5719b705a019",
            "principal_id": "5b265001-0f50-4764-aa1e-ab0339366fa9",
            "principal_type": "User",
            "role_definition_id": "/subscriptions/38697092-adc9-49fa-b2ed-d20d7b52c26f/providers/Microsoft.Authorization/roleDefinitions/b86a8fe4-44ce-4948-aee5-eccb2c155cd7",
            "role_definition_name": "Key Vault Secrets Officer",
            "scope": "/subscriptions/38697092-adc9-49fa-b2ed-d20d7b52c26f/resourceGroups/learningstepslvl-rg/providers/Microsoft.KeyVault/vaults/learnsteps-kv-388521",
            "skip_service_principal_aad_check": null,
            "timeouts": null
          },
          "sensitive_attributes": [],
          "identity_schema_version": 0,
          "private": "eyJlMmJmYjczMC1lY2FhLTExZTYtOGY4OC0zNDM2M2JjN2M0YzAiOnsiY3JlYXRlIjoxODAwMDAwMDAwMDAwLCJkZWxldGUiOjE4MDAwMDAwMDAwMDAsInJlYWQiOjMwMDAwMDAwMDAwMH19",
          "dependencies": [
            "azurerm_key_vault.main",
            "azurerm_resource_group.main",
            "data.azurerm_client_config.current"
          ]
        }
      ]
    },
    {
      "mode": "managed",
      "type": "azurerm_subnet",
      "name": "aks",
      "provider": "provider[\"registry.terraform.io/hashicorp/azurerm\"]",
      "instances": [
        {
          "schema_version": 0,
          "attributes": {
            "address_prefixes": [
              "10.0.0.0/22"
            ],
            "default_outbound_access_enabled": true,
            "delegation": [],
            "id": "/subscriptions/38697092-adc9-49fa-b2ed-d20d7b52c26f/resourceGroups/learningstepslvl-rg/providers/Microsoft.Network/virtualNetworks/learningstepslvl-vnet/subnets/aks-subnet",
            "ip_address_pool": [],
            "name": "aks-subnet",
            "private_endpoint_network_policies": "Disabled",
            "private_link_service_network_policies_enabled": true,
            "resource_group_name": "learningstepslvl-rg",
            "service_endpoint_policy_ids": null,
            "service_endpoints": null,
            "sharing_scope": "",
            "timeouts": null,
            "virtual_network_name": "learningstepslvl-vnet"
          },
          "sensitive_attributes": [],
          "identity_schema_version": 0,
          "identity": {
            "name": "aks-subnet",
            "resource_group_name": "learningstepslvl-rg",
            "subscription_id": "38697092-adc9-49fa-b2ed-d20d7b52c26f",
            "virtual_network_name": "learningstepslvl-vnet"
          },
          "private": "eyJlMmJmYjczMC1lY2FhLTExZTYtOGY4OC0zNDM2M2JjN2M0YzAiOnsiY3JlYXRlIjoxODAwMDAwMDAwMDAwLCJkZWxldGUiOjE4MDAwMDAwMDAwMDAsInJlYWQiOjMwMDAwMDAwMDAwMCwidXBkYXRlIjoxODAwMDAwMDAwMDAwfX0=",
          "dependencies": [
            "azurerm_resource_group.main",
            "azurerm_virtual_network.main"
          ]
        }
      ]
    },
    {
      "mode": "managed",
      "type": "azurerm_subnet",
      "name": "db",
      "provider": "provider[\"registry.terraform.io/hashicorp/azurerm\"]",
      "instances": [
        {
          "schema_version": 0,
          "attributes": {
            "address_prefixes": [
              "10.0.4.0/24"
            ],
            "default_outbound_access_enabled": true,
            "delegation": [
              {
                "name": "fs-delegation",
                "service_delegation": [
                  {
                    "actions": [
                      "Microsoft.Network/virtualNetworks/subnets/join/action"
                    ],
                    "name": "Microsoft.DBforPostgreSQL/flexibleServers"
                  }
                ]
              }
            ],
            "id": "/subscriptions/38697092-adc9-49fa-b2ed-d20d7b52c26f/resourceGroups/learningstepslvl-rg/providers/Microsoft.Network/virtualNetworks/learningstepslvl-vnet/subnets/db-subnet",
            "ip_address_pool": [],
            "name": "db-subnet",
            "private_endpoint_network_policies": "Disabled",
            "private_link_service_network_policies_enabled": true,
            "resource_group_name": "learningstepslvl-rg",
            "service_endpoint_policy_ids": null,
            "service_endpoints": null,
            "sharing_scope": "",
            "timeouts": null,
            "virtual_network_name": "learningstepslvl-vnet"
          },
          "sensitive_attributes": [],
          "identity_schema_version": 0,
          "identity": {
            "name": "db-subnet",
            "resource_group_name": "learningstepslvl-rg",
            "subscription_id": "38697092-adc9-49fa-b2ed-d20d7b52c26f",
            "virtual_network_name": "learningstepslvl-vnet"
          },
          "private": "eyJlMmJmYjczMC1lY2FhLTExZTYtOGY4OC0zNDM2M2JjN2M0YzAiOnsiY3JlYXRlIjoxODAwMDAwMDAwMDAwLCJkZWxldGUiOjE4MDAwMDAwMDAwMDAsInJlYWQiOjMwMDAwMDAwMDAwMCwidXBkYXRlIjoxODAwMDAwMDAwMDAwfX0=",
          "dependencies": [
            "azurerm_resource_group.main",
            "azurerm_virtual_network.main"
          ]
        }
      ]
    },
    {
      "mode": "managed",
      "type": "azurerm_virtual_network",
      "name": "main",
      "provider": "provider[\"registry.terraform.io/hashicorp/azurerm\"]",
      "instances": [
        {
          "schema_version": 0,
          "attributes": {
            "address_space": [
              "10.0.0.0/16"
            ],
            "bgp_community": "",
            "ddos_protection_plan": [],
            "dns_servers": [],
            "edge_zone": "",
            "encryption": [],
            "flow_timeout_in_minutes": 0,
            "guid": "ed012ed3-a775-4ca7-9301-851a0ec958b5",
            "id": "/subscriptions/38697092-adc9-49fa-b2ed-d20d7b52c26f/resourceGroups/learningstepslvl-rg/providers/Microsoft.Network/virtualNetworks/learningstepslvl-vnet",
            "ip_address_pool": [],
            "location": "westeurope",
            "name": "learningstepslvl-vnet",
            "private_endpoint_vnet_policies": "Disabled",
            "resource_group_name": "learningstepslvl-rg",
            "subnet": [],
            "tags": {
              "created-on": "2026-07-22T15:25:34.2831173Z"
            },
            "timeouts": null
          },
          "sensitive_attributes": [],
          "identity_schema_version": 0,
          "identity": {
            "name": "learningstepslvl-vnet",
            "resource_group_name": "learningstepslvl-rg",
            "subscription_id": "38697092-adc9-49fa-b2ed-d20d7b52c26f"
          },
          "private": "eyJlMmJmYjczMC1lY2FhLTExZTYtOGY4OC0zNDM2M2JjN2M0YzAiOnsiY3JlYXRlIjoxODAwMDAwMDAwMDAwLCJkZWxldGUiOjE4MDAwMDAwMDAwMDAsInJlYWQiOjMwMDAwMDAwMDAwMCwidXBkYXRlIjoxODAwMDAwMDAwMDAwfX0=",
          "dependencies": [
            "azurerm_resource_group.main"
          ]
        }
      ]
    }
  ],
  "check_results": null
}
