{
  "version": 4,
  "terraform_version": "1.15.8",
  "serial": 69,
  "lineage": "0b47db62-9763-ea17-4702-c82872cffd9c",
  "outputs": {
    "acr_server": {
      "value": "evolution012983.azurecr.io",
      "type": "string"
    },
    "aks_name": {
      "value": "learningsteps-aks",
      "type": "string"
    },
    "key_vault_uri": {
      "value": "https://learnsteps-kv-388521.vault.azure.net/",
      "type": "string"
    }
  },
  "resources": [
    {
      "mode": "data",
      "type": "azurerm_client_config",
      "name": "current",
      "provider": "provider[\"registry.terraform.io/hashicorp/azurerm\"]",
      "instances": [
        {
          "schema_version": 0,
          "attributes": {
            "client_id": "04b07795-8ddb-461a-bbee-02f9e1bf7b46",
            "id": "Y2xpZW50Q29uZmlncy9jbGllbnRJZD0wNGIwNzc5NS04ZGRiLTQ2MWEtYmJlZS0wMmY5ZTFiZjdiNDY7b2JqZWN0SWQ9NWIyNjUwMDEtMGY1MC00NzY0LWFhMWUtYWIwMzM5MzY2ZmE5O3N1YnNjcmlwdGlvbklkPTM4Njk3MDkyLWFkYzktNDlmYS1iMmVkLWQyMGQ3YjUyYzI2Zjt0ZW5hbnRJZD1jMDUzMTQ4NC01MGZhLTRmZjItOTdkZi1iMWYyZDQ4MTA2MDM=",
            "object_id": "5b265001-0f50-4764-aa1e-ab0339366fa9",
            "subscription_id": "38697092-adc9-49fa-b2ed-d20d7b52c26f",
            "tenant_id": "c0531484-50fa-4ff2-97df-b1f2d4810603",
            "timeouts": null
          },
          "sensitive_attributes": [],
          "identity_schema_version": 0
        }
      ]
    },
    {
      "mode": "managed",
      "type": "azurerm_container_registry",
      "name": "main",
      "provider": "provider[\"registry.terraform.io/hashicorp/azurerm\"]",
      "instances": [
        {
          "schema_version": 2,
          "attributes": {
            "admin_enabled": true,
            "admin_password": "7Nr3Lbp27CE24DL3bMCqdi1IvYC1aCMis0AryTaqVTa4didhMi1xJQQJ99CGAC5RqLJEqg7NAAACAZCRj6XV",
            "admin_username": "evolution012983",
            "anonymous_pull_enabled": false,
            "azuread_authentication_as_arm_policy_enabled": true,
            "data_endpoint_enabled": false,
            "data_endpoint_host_names": [],
            "encryption": [],
            "export_policy_enabled": true,
            "georeplications": [],
            "id": "/subscriptions/38697092-adc9-49fa-b2ed-d20d7b52c26f/resourceGroups/learningsteps-rg/providers/Microsoft.ContainerRegistry/registries/evolution012983",
            "identity": [],
            "location": "westeurope",
            "login_server": "evolution012983.azurecr.io",
            "name": "evolution012983",
            "network_rule_bypass_for_tasks_enabled": false,
            "network_rule_bypass_option": "AzureServices",
            "network_rule_set": [],
            "public_network_access_enabled": true,
            "quarantine_policy_enabled": false,
            "resource_group_name": "learningsteps-rg",
            "retention_policy_in_days": 0,
            "role_assignment_mode": "LegacyRegistryPermissions",
            "sku": "Basic",
            "tags": {
              "created-on": "2026-07-22T15:03:08.0354465Z"
            },
            "timeouts": null,
            "trust_policy_enabled": false,
            "zone_redundancy_enabled": false
          },
          "sensitive_attributes": [
            [
              {
                "type": "get_attr",
                "value": "admin_password"
              }
            ]
          ],
          "identity_schema_version": 0,
          "private": "eyJlMmJmYjczMC1lY2FhLTExZTYtOGY4OC0zNDM2M2JjN2M0YzAiOnsiY3JlYXRlIjoxODAwMDAwMDAwMDAwLCJkZWxldGUiOjE4MDAwMDAwMDAwMDAsInJlYWQiOjMwMDAwMDAwMDAwMCwidXBkYXRlIjoxODAwMDAwMDAwMDAwfSwic2NoZW1hX3ZlcnNpb24iOiIyIn0=",
          "dependencies": [
            "azurerm_resource_group.main"
          ]
        }
      ]
    },
    {
      "mode": "managed",
      "type": "azurerm_key_vault",
      "name": "main",
      "provider": "provider[\"registry.terraform.io/hashicorp/azurerm\"]",
      "instances": [
        {
          "schema_version": 2,
          "attributes": {
            "access_policy": [],
            "contact": [],
            "enable_rbac_authorization": true,
            "enabled_for_deployment": false,
            "enabled_for_disk_encryption": false,
            "enabled_for_template_deployment": false,
            "id": "/subscriptions/38697092-adc9-49fa-b2ed-d20d7b52c26f/resourceGroups/learningsteps-rg/providers/Microsoft.KeyVault/vaults/learnsteps-kv-388521",
            "location": "westeurope",
            "name": "learnsteps-kv-388521",
            "network_acls": [
              {
                "bypass": "AzureServices",
                "default_action": "Allow",
                "ip_rules": [],
                "virtual_network_subnet_ids": []
              }
            ],
            "public_network_access_enabled": true,
            "purge_protection_enabled": false,
            "rbac_authorization_enabled": true,
            "resource_group_name": "learningsteps-rg",
            "sku_name": "standard",
            "soft_delete_retention_days": 90,
            "tags": {
              "created-on": "2026-07-22T15:03:08.4059909Z"
            },
            "tenant_id": "c0531484-50fa-4ff2-97df-b1f2d4810603",
            "timeouts": null,
            "vault_uri": "https://learnsteps-kv-388521.vault.azure.net/"
          },
          "sensitive_attributes": [],
          "identity_schema_version": 0,
          "identity": {
            "name": "learnsteps-kv-388521",
            "resource_group_name": "learningsteps-rg",
            "subscription_id": "38697092-adc9-49fa-b2ed-d20d7b52c26f"
          },
          "private": "eyJlMmJmYjczMC1lY2FhLTExZTYtOGY4OC0zNDM2M2JjN2M0YzAiOnsiY3JlYXRlIjoxODAwMDAwMDAwMDAwLCJkZWxldGUiOjE4MDAwMDAwMDAwMDAsInJlYWQiOjMwMDAwMDAwMDAwMCwidXBkYXRlIjoxODAwMDAwMDAwMDAwfSwic2NoZW1hX3ZlcnNpb24iOiIyIn0=",
          "dependencies": [
            "azurerm_resource_group.main",
            "data.azurerm_client_config.current"
          ]
        }
      ]
    },
    {
      "mode": "managed",
      "type": "azurerm_kubernetes_cluster",
      "name": "main",
      "provider": "provider[\"registry.terraform.io/hashicorp/azurerm\"]",
      "instances": [
        {
          "schema_version": 2,
          "attributes": {
            "aci_connector_linux": [],
            "ai_toolchain_operator_enabled": false,
            "api_server_access_profile": [],
            "auto_scaler_profile": [],
            "automatic_upgrade_channel": "",
            "azure_active_directory_role_based_access_control": [],
            "azure_policy_enabled": false,
            "bootstrap_profile": [
              {
                "artifact_source": "Direct",
                "container_registry_id": ""
              }
            ],
            "confidential_computing": [],
            "cost_analysis_enabled": false,
            "current_kubernetes_version": "1.35.5",
            "custom_ca_trust_certificates_base64": [],
            "default_node_pool": [
              {
                "auto_scaling_enabled": false,
                "capacity_reservation_group_id": "",
                "fips_enabled": false,
                "gpu_driver": "",
                "gpu_instance": "",
                "host_encryption_enabled": false,
                "host_group_id": "",
                "kubelet_config": [],
                "kubelet_disk_type": "OS",
                "linux_os_config": [],
                "max_count": 0,
                "max_pods": 30,
                "min_count": 0,
                "name": "system",
                "node_count": 2,
                "node_labels": {},
                "node_network_profile": [],
                "node_public_ip_enabled": false,
                "node_public_ip_prefix_id": "",
                "only_critical_addons_enabled": false,
                "orchestrator_version": "1.35",
                "os_disk_size_gb": 128,
                "os_disk_type": "Managed",
                "os_sku": "Ubuntu",
                "pod_subnet_id": "",
                "proximity_placement_group_id": "",
                "scale_down_mode": "Delete",
                "snapshot_id": "",
                "tags": {},
                "temporary_name_for_rotation": "",
                "type": "VirtualMachineScaleSets",
                "ultra_ssd_enabled": false,
                "upgrade_settings": [
                  {
                    "drain_timeout_in_minutes": 0,
                    "max_surge": "10%",
                    "node_soak_duration_in_minutes": 0,
                    "undrainable_node_behavior": ""
                  }
                ],
                "vm_size": "Standard_D2s_v3",
                "vnet_subnet_id": "/subscriptions/38697092-adc9-49fa-b2ed-d20d7b52c26f/resourceGroups/learningsteps-rg/providers/Microsoft.Network/virtualNetworks/learningsteps-vnet/subnets/aks-subnet",
                "workload_runtime": "",
                "zones": []
              }
            ],
            "disk_encryption_set_id": "",
            "dns_prefix": "learningsteps-aks",
            "dns_prefix_private_cluster": "",
            "edge_zone": "",
            "fqdn": "learningsteps-aks-cq1nmbkw.hcp.westeurope.azmk8s.io",
            "http_application_routing_enabled": false,
            "http_application_routing_zone_name": "",
            "http_proxy_config": [],
            "id": "/subscriptions/38697092-adc9-49fa-b2ed-d20d7b52c26f/resourceGroups/learningsteps-rg/providers/Microsoft.ContainerService/managedClusters/learningsteps-aks",
            "identity": [
              {
                "identity_ids": [],
                "principal_id": "03f796ee-7f8b-4c31-a4ca-1684a0420223",
                "tenant_id": "c0531484-50fa-4ff2-97df-b1f2d4810603",
                "type": "SystemAssigned"
              }
            ],
            "image_cleaner_enabled": null,
            "image_cleaner_interval_hours": null,
            "ingress_application_gateway": [],
            "key_management_service": [],
            "key_vault_secrets_provider": [],
            "kube_admin_config": [],
            "kube_admin_config_raw": "",
            "kube_config": [
              {
                "client_certificate": "LS0tLS1CRUdJTiBDRVJUSUZJQ0FURS0tLS0tCk1JSUZIVENDQXdXZ0F3SUJBZ0lRZjJNUnhVei85dTU4RXdLVUxHR2JLekFOQmdrcWhraUc5dzBCQVFzRkFEQU4KTVFzd0NRWURWUVFERXdKallUQWVGdzB5TmpBM01qSXhORFF4TVROYUZ3MHlPREEzTWpJeE5EVXhNVE5hTURBeApGekFWQmdOVkJBb1REbk41YzNSbGJUcHRZWE4wWlhKek1SVXdFd1lEVlFRREV3eHRZWE4wWlhKamJHbGxiblF3CmdnSWlNQTBHQ1NxR1NJYjNEUUVCQVFVQUE0SUNEd0F3Z2dJS0FvSUNBUURvRzR1dXlaSGZuQU10OGlvZ29zT1AKd1FHSDBWZUhyWkF1NFFHOGZKQ252RHEwdmxWamdCQitoQnowYUZ4OUtYakQ1WFB0enU2OFZGakFudmJXRnVnWQphSjVLeXZ5NDdLb3VNT2djVExVNktUdG5mbFFnMjZ2MGVRYitIeW8raG53cGgyK3Y4ZXZXalFmMHgzOTNORUVvCktjZVQ2TmpWVE9LNjdtNGVUV25yMUxCQlBMRHRHZDBjeDU0TmJ5UmgrRHVvTFNsVjVBVkxVY2JHbmZ3WWtFQzIKckgrZ0UvenFaWDNrWXdXYWFxNG8xMGNRblZVUlJtTWo0RlY4RUNIOWk0cmZFV2Vpblc1ZlFOcTFnb2lrekV3dgppaTRzUlZ5UVBOK3VQLzN1dWRBN3BKQXN1V1VFb1FQQ2FhR3R6ZlQ0aUFMTDhWaHBod3NXUUQwOC83Vk03dUpsClFaMGxvMm5aR252dk9IUk9PcXROamRJK1g0dGZ2cmJXMEtyNEJIdGtQcSt2Tlp6OUIxRWUvYzY3ZlRkVWdsbWEKZ2dRdmtMVG4xa2ZiaXNRdVNGSzZNZHRQTE5KTDM4VUxpWldaR2gySmttY2gvR0R2S09nMXVSTE5rdko2bXR6aQowak95TTlyR1hDVjZOU00waXZMMXptQ1BmRnJFYnBPMDFORkNwOFVzSjBVQ2tpQVRRam1LWjU4eEowdXc4NUlrCmlzT1RsZ2wyUXgvcHpjUlY2aGZEOHZGdnYwUnFGSnRqSXF6UklYMkI4Y2VIaUx0eHBQNWUvNjJ4QVJrNmVHbFMKRWRkUEdJQW90ZGxWN3pwTHNjYmFxdG9SYWhCUXEzenNQdWp6QVltT2xCZUFjK1doOVQ3REFKdi9uMjhnNGlwMAo5WndWWjhSd1NkZjdxQldZSmN3T3l3SURBUUFCbzFZd1ZEQU9CZ05WSFE4QkFmOEVCQU1DQmFBd0V3WURWUjBsCkJBd3dDZ1lJS3dZQkJRVUhBd0l3REFZRFZSMFRBUUgvQkFJd0FEQWZCZ05WSFNNRUdEQVdnQlFQS3pTZmgrbzgKdThISk5IM2tsNFdxNjlZMnNUQU5CZ2txaGtpRzl3MEJBUXNGQUFPQ0FnRUF1b3hsalZCazNrcjdJaUNzSmtacApidFpmMVZwNC9VS1VrN25mK1lCQVFCMGRnb29PZUF1Yk1TOUxONVJxNE9rbnBINEMyTmw5ZDMvaUdrYURJS2lVCk9LTlQyNVJ5RGJKSU5pWUpkT0pqdkg1cWFGWVVHcEJncExpcFVIZXo3QlJvMktlS1hMcGNhT2VxcEp5RlBkZVQKalVXdkVGMmtvTkIxQ2tKMGhEQXA1UVJqVlVXWUZ4V2FlejU1MGdnOXRmSy9yblFDL2lzMXczcElEZzdLeFZMSQpzOEp0WmhBTHNPYmlLRnpqT1JCZVUwdUZSdG0vUU5pZHRzdUdJalZ1ZFprSUZtdmpOMFBoTmNydjRlUjRBVkMzCkQ2N2c1dHdaa3k3N25qNVZJSGNWQjBVZEFVOFBYSlI5V3N6c25hb000MDVzNHdrbExMWE5qUGdhZkNmaExCVVEKVTV1UnJsaEpmeUN1TmdlbXJqdkJGU1Z5Si9KbzJyZHE0Ym13RVV4ZTB1bzNoVUtmUU5jQXo4RStOQkFXSys5QgpZMlZpWkx2TDRpcG9oRmN2V2luNzZUdjc0VC9RMm1oTmw2NUx0OGVEYnlFdG9aWWZscnNnODdJUnNXc2VIWVdzClVOZTRNTnp6OWZxL0J5TUxlbVdSK0FrckNkUjVZczl2S3kyekRTVlROTkRVNnpDaXJ1KzVZSjY1SjNZd0lYcGsKeVpMdGt2UkdnMi85dTNRNUc0L3lpVmJ2U2hUSWgwVU5KMEZib3NJNjFhWkVHV0dPR1E0V1dRRDkyaWdhR0FsdApLMjJOK0E5OFFzVWZhOGV3MVFOVzVSU2lRUzlhaUNOZW5Rc09QNmxVSUVRR0Z0WU9lZ0xWSnlUOEwvQVl0WkZhCkY4YzRmRG1XNU84TlNMNjYvQU9Ncmc4PQotLS0tLUVORCBDRVJUSUZJQ0FURS0tLS0tCg==",
                "client_key": "LS0tLS1CRUdJTiBSU0EgUFJJVkFURSBLRVktLS0tLQpNSUlKSndJQkFBS0NBZ0VBNkJ1THJzbVIzNXdETGZJcUlLTERqOEVCaDlGWGg2MlFMdUVCdkh5UXA3dzZ0TDVWClk0QVFmb1FjOUdoY2ZTbDR3K1Z6N2M3dXZGUll3SjcyMWhib0dHaWVTc3I4dU95cUxqRG9IRXkxT2lrN1ozNVUKSU51cjlIa0cvaDhxUG9aOEtZZHZyL0hyMW8wSDlNZC9kelJCS0NuSGsralkxVXppdXU1dUhrMXA2OVN3UVR5dwo3Um5kSE1lZURXOGtZZmc3cUMwcFZlUUZTMUhHeHAzOEdKQkF0cXgvb0JQODZtVjk1R01GbW1xdUtOZEhFSjFWCkVVWmpJK0JWZkJBaC9ZdUszeEZub3AxdVgwRGF0WUtJcE14TUw0b3VMRVZja0R6ZnJqLzk3cm5RTzZTUUxMbGwKQktFRHdtbWhyYzMwK0lnQ3kvRllhWWNMRmtBOVBQKzFUTzdpWlVHZEphTnAyUnA3N3poMFRqcXJUWTNTUGwrTApYNzYyMXRDcStBUjdaRDZ2cnpXYy9RZFJIdjNPdTMwM1ZJSlptb0lFTDVDMDU5WkgyNHJFTGtoU3VqSGJUeXpTClM5L0ZDNG1WbVJvZGlaSm5JZnhnN3lqb05ia1N6Wkx5ZXByYzR0SXpzalBheGx3bGVqVWpOSXJ5OWM1Z2ozeGEKeEc2VHROVFJRcWZGTENkRkFwSWdFMEk1aW1lZk1TZExzUE9TSklyRGs1WUpka01mNmMzRVZlb1h3L0x4Yjc5RQphaFNiWXlLczBTRjlnZkhIaDRpN2NhVCtYdit0c1FFWk9uaHBVaEhYVHhpQUtMWFpWZTg2UzdIRzJxcmFFV29RClVLdDg3RDdvOHdHSmpwUVhnSFBsb2ZVK3d3Q2IvNTl2SU9JcWRQV2NGV2ZFY0VuWCs2Z1ZtQ1hNRHNzQ0F3RUEKQVFLQ0FnQlRCV05Kb2pUSXNFT2M0QlU4ZGl1UUZEK3Babkl5Q0IxZC8wS0JPbWI5Y0VEcFhIa3JiV2U0OFNWdwpNSklBZk9DQzVXUTVoLzV4bzVQWlZpTEJRaEZEaGN3MHdYVnk2Y2dYWEl2eGIyaVZSS0ZJYS9ISWpQcHRLQXNkCncyVDNWMkE2OUlRNUFVWFRpTDl6U1JacE8yb2c1UXpMZFlwMWhScEdOYmx5b2tzRVBSL01QZHFrL0U3UUdBQ0wKR3BsL1oyeGpROEFZeGtZMGdpd2c1K3AvbUwxaytiOXVzU2VTYWJvRmdudkRGMnh6RkVtSmdsVW1xREFXNll0NgpKRVVjTFJqL24vaWJQRWQ1ejdkTEhFVW0rU0k1RU9waUVHOUM4bHNwdHg3cmtGQVF2VlNLZ3NmRXg1a1NKWGxjCnN5SHY4YXBhYTFtdDZVMUlhTExleWpIOXNpYU0xZkJ5Y1N4clZodEFtamJxS0R6cHZQL3RPTG9yU2pEUmU4TUQKUnBlSDNKRlRIZk5SaGdMalovbVhoRHNlbkUrRHhHZnNyVEd1RzVhK0s2YUorblB3THNJTE5UdnZmQUhzdVN4WQpqbTV4MVhkZE5yV1p5Z2VqYjVlM3lUd1BYUVFZZzdaSFBZVlR5YzRCdi9zMCsyZWJrdGNaaU9mZnhMb0gzWlJHCmV3dWpIdi9XNmpVbzRVZ2FLc2hxblFMS2NQeHlZeXJwaHUwODJ5UmgvWmdSNXJKcFlKS3hlZ1FNZXpINSsrNVAKa3d0TE83TkpjUTQrbDNURndsd0pxM0ROdXJuK1g0T3NQNTFXZWwvNTVCQkNMdlExOGtDdkQvL0VCMi9lME1GTwo3R1gxVE5TNlVXd1l2K0UvZlJRU3dST28yMGMrWXJHZ0lBWWptMFFJejRvbkJaS2RTUUtDQVFFQThsMjM1Zm9NCkxUVUh4aENQUTJGK2xrZmQweHdVS0Z5b2x0ZEh4aWJVQlVJU3o2cE9yR3ZlU0pEaFYrZjZsR0Z4eEdnY0VXRWkKTnRnREdWNlF2YkpCVWp2eVlER3Q0UklUS1lqWTg3NHZvczM1cW9pZnBtYnlKQzZjWlNsdVVEeVUveWZmQUw2eApqTTFLakxNdHp5Z0M2b0xidU9uclAwUVhqZ0lHVC94c2hQdnhYTFQvbS9Za3J1NFF1REl6aXVxZDVDZ0h5eWtsCkpLeHlyTHEyK3psQnB5K1FUTlBhMUI2VHJadStpckVrUlVzakp5RXZGYWczTk1ZTjlqNWk5b1I2OGhNWTgvcDMKQmNmYm5tWnZic1B1ZllQSElxVkEwaEJ4RmRNVUVCbjZoejhBU0ZrVldRaGxjVzZhSkJBTTlZdDdtYVBkMzVURQpTakxIYUx5MjcvMmFnd0tDQVFFQTlTb1luemNFaGo1aU1tL3Q5TjViNDlPaHFCN0QzQkhLUmJta1ZVeUQ1NU1nCm1OV0xicVFyMEFESWVPeHhmSXRuU2xsejhYSWJUZktQSjVTNGl4UzZaQWVBN3VmL3BOYVl5TXBjU3VGMWQ5OFEKcDAxaHNRWGIrcGhhbWhyaHlYTXR6UjVUU3J4eHh2eWhpa3Z4d2tvbmo4dTQ4MlVpU0RmVDdiWHFTVFFnSTdycApmVHVQTTk0NDNaSU80cEpjb2VodUFGWEpqU2VJcHcwaGFYUG9XR05WR2JDc0NtQUZJa1BDRmZXc0dWSFpEVFlUCnRKN1lXbGhHOVlsUnJWeTF6TTErKzNGLyt3Uk1SbDNIVHBUcnppSDNUa2loVjlRZXBuYUNWQ0RnaVFqRjd1bFcKd3lMYkdTaEVwVGIvWklKM3FNSU9LMll5WkdFbHF4Ym51dU9ndXphb0dRS0NBUUJuN3RpVnZvektOaHVIVEVLagpXb08yWGtzNTVLaWdSbHZsazV3cjFTckd0bmJxcHRYbUNydmYwb0ZQK1NMenpuWEREQUk5VWJJaVlxK3hpV1A0CmRTQ2Q2eWNkS1RDdmU5akx6dXQ2V3V5Q25HR2NSOHB1eVdhOUxWL1Q0ZGgwZ0FaRkJRd1VmYklWOTFNbzB3MnAKOERhUDZsM2ZCakRqaUlleFZoenU0QWlKWHFFNmFFUFUxZEVWVXZISWkzNmU2ODJac2JEbDVsY1BTd1JDSGkrcAp1L3Z6ZmVvYmlCNG5LSldidFZZWWs2NUNLTjZDUVRDMzBOTWJ4bkxtVGdxU1BHMmNzYVBadkdhZUMvNmFCc055CmRJTXBRQUY5VWZCaUpMclo2UktKZFJxQ05Qb2lERkdqUkg1OERqbjdqUWFCcGJielE5bzVyc29lSjNocjZjRnAKV1ErUkFvSUJBR2FxODFheG5wWnRSNGdoc1gvcklvWWRHVVNqWlpnaVp4ZWQ3NEM5SXp2Mk5COXN4aEJXZGZhTQpiV2VlZE1RWVNQQXMxODRUMy9WYmo3R2VxVTJ0SjRVK1V6TTVPcWlZS2JGa2RSUHlxTlBET1dFbW1iT2RaWXJqCkJJWW1uY2xVRDZrbmV2QUFUSkZ0T0dVRytyNUhlWnZSVDZtMS80NUl1dHFBWlJXMDI0UzdBSTZ1UTRFUUhiWkUKTlRHUzQzSDJPU0t3eWsvdmIxMnR0UUZKUmRMRi9seGN6UjhuS044NWl1elJUZm5vZWNIN2xITCtWbEkzUjdnSgpnb2ZjSEZJZytIMXFBWk5vTUYwRFpyUzB6cThyTURxN1ZiM0hHZkxTRERBWStJN0tlc0ZiUERkSndJRWZpT2U3ClNXYVk4RzFlbnJweitNUnFubkN3amVpSTdNV1oxUGtDZ2dFQVVPRnE2VVEyazBaQWJRVkZhSDVSTlBJT1d1ekgKOXNuSCswaTM1eDhNOWwzYWxBMCtyRjhpUkFLMXNpNHBwbnJMbVZFRENsTkhJTWlhaHJ6aEpiVlY4VE8zRW5legpDQnUvSmFYNWZ0YWJ1cWNDVWhnK01CemdQMlR4dHpoWDZqaDhqRTRZbDhtUDkwMU9GcDFwU3YxZWFpZEVpcEFpCnM4cUhFUVZZcDJUNHMyUnoyNjVPaWEzaHBlbjBuN2VCcXNBWXpYVDEzUTI3UUhicDZzOUo0MUo1U0p0ZHJRUkcKUGVvNVVDbVpVQlk0Y0FtNGFENC9rRm9WN1Fya2t0Nng0N2Y3RExVQVBybnBJTGFXL244WTJVYTIreE5HK1NCNgozK1J5SUkzdndhYnNLNk1nVitCOXJLaEdzaHdhcC9oMCtRTlJPUW15b1NzOXNJWEhNbkhhOXhXWVpnPT0KLS0tLS1FTkQgUlNBIFBSSVZBVEUgS0VZLS0tLS0K",
                "cluster_ca_certificate": "LS0tLS1CRUdJTiBDRVJUSUZJQ0FURS0tLS0tCk1JSUU2RENDQXRDZ0F3SUJBZ0lRYVlSTFd1bXlaZThpK1VrWHRhcTg5akFOQmdrcWhraUc5dzBCQVFzRkFEQU4KTVFzd0NRWURWUVFERXdKallUQWdGdzB5TmpBM01qSXhORFF4TVROYUdBOHlNRFUyTURjeU1qRTBOVEV4TTFvdwpEVEVMTUFrR0ExVUVBeE1DWTJFd2dnSWlNQTBHQ1NxR1NJYjNEUUVCQVFVQUE0SUNEd0F3Z2dJS0FvSUNBUUM4CmswZFFqb1hiNlA3T1o2UUh5QnpYc05PQ2djWjZGSmZ3QnJuMW1LZ1BRK01IUkNKSWt6V0FBSS9SMm5PZ1dJVGsKeDlhcVRrbndzZEErUFNHekNtSGFxMXVvWlFtV3Fxc1FRa0FkVmdXN1dnd0NQVHB6dWE1aGxkaVNnY1NEZEo0agplaXZ5WlBKdlpKbVJjbkdwMWpKbkZ5K2VJTXplUnRlK05PM0cwbzhzTkR3eVNZcVNSUjF3ckg2V2FBTEZNNk12CkxCQm9OOENHS0hpODNjRVVZYlAyWUphWU5SQXR3SFFZNFBLZGI0OHFPVGxMbzBHb1lPY2xtMVFobUtERkJWZmUKSWJVbEsyanJOd0lPSHZqMTJZTG9LUmxaZENncGtKMXFIbTBEVFo0MloxSm5tL2taK0tIbGtla0tjQW1NUnJVdQp2ck11dG9TZHZHL3VoZzF6QUhGMDdmTVI2a25oREdkSmgyVnhNelR3Sm9EVGx0NWY5ZEFuNU1BdlNlbURCOTg2CnZOeE14QmRJVWxOWElqQ3k1dDFoNU1ucmdkMXhyY0dxRWpoUEhteTRPVTU2VzhldEdQV3lGRkg2MTZOd2ExbGUKZE50d292TGg2VUdIa3M2Szh0aTdLYXdUc3lFMTVOS1NHVXExblBHOERzUWVKeUZRSkpDRU8xTXA2S0kyeC9pOQpLcUg3Wi82NW1PbjNIdjVWMWdvWjRueGh4MUZQaXNKRmtLektKdkEwOGd2SGkvRGZwQ0NiNGlxS09FU1M2S3kwCndFazBKVUNRRWxMOGl6MWp6VnZObDg4R2YvU1hBcG1xc1Z0Qkd1SDBWeGlpSHdtWlhEVzN6VFJLUUxHbnk4U1YKT1A2N1lUOVBtcW5CbkZSK3Nia09oZnFnZ2VvQWlsa255UFlOTjZJUXNRSURBUUFCbzBJd1FEQU9CZ05WSFE4QgpBZjhFQkFNQ0FxUXdEd1lEVlIwVEFRSC9CQVV3QXdFQi96QWRCZ05WSFE0RUZnUVVEeXMwbjRmcVBMdkJ5VFI5CjVKZUZxdXZXTnJFd0RRWUpLb1pJaHZjTkFRRUxCUUFEZ2dJQkFEWlhrZGFmSHpnMjNPRG96cFprQ3g0aEM0NHgKeC9aMkFhYXBoNERpMGdkcGd3aTNnd3EyRVZlSGc3SGxkdGpLMHk5VnRHTjRKUkVhakdsRGF3TGJVMi9SNS8rTAoxZFAwNm5aTlBMbEw2L0RtU0dWb1JXRXdVZk5ySndtMEJ2Z3RlZXk2aUxXMTdBb040aWNqNFh1b0lsVzhMKy9KCnVZYWtxZk8ySmJWSUJlZmNOdzJYM0VMNVpvTlZiQlZ5U0ZaS1RiN0F0Mi9LTkZ3Q083MkxUd2JoMGtqT1A2S3UKVzdsbXpKSTVTV2VFNHJCOXc3QjFQSEVjVnBrZGZ0Nk9sQmtDdmxIYk95Tmk5MHRKM1J6NGd6TlpEVFpmUG5ocwp3dk5XY0ZGNCsyNnUzOHUxWmhma08rVFFZNUpGRGYxWStabmFPK0VaV04zYjJucjZISlczZk1NQTNreTkwT2hMCm1BVkxqVEZpaTZLMi94YUlCRGF6V3N2U1FQUDFyUlF6OVFjbXJDbDh1ZFVVYTRqQy9HK1B3dmFwSyt1NFk2Y3kKenJ2bXF1eDltN1JvWDZpWnpEMzdNeGFzSzc1K2M1L3RmOUtVRUM3RG1nNytFUm4yc0pIUHcvQ1JCUTJUYUdsaAo1REFPRFBrcVhsNHhnV0I1bC9PQlBBd1NZQUszazVvT3N0a040SThsMDFVOXFTUXpXUDR5My9tcm9RVTFLd3JFCjZFNTBrcGk4RklWUmExYldkeGJ6Ui9wSFRKeW1jcXB6cmg4ZGpFbzZjK1h1Qlc4OTl1djQvcUJMYzkwUWprWHIKTlhBTld2MW8yM29HVjhWY0Q4S1J6Yit4RExiWUlmaUhMWWlUZmRjNFdCaHE5Nk50ZmlkUzlHQUYzWUVVSVRmZQpXWVlNV2ZqTXZkTE9hTzlFCi0tLS0tRU5EIENFUlRJRklDQVRFLS0tLS0K",
                "host": "https://learningsteps-aks-cq1nmbkw.hcp.westeurope.azmk8s.io:443",
                "password": "hlc4xdi9yulzu93ek8x0smv0pb6l73ifoi0g60jg5xzzjl4st695j4zu3x3gaa49mmz6hrqjo3b5k1jjtcb4i5o16lu6y4l637m72hgwvz77y8jax10sc3bxf1dqga12",
                "username": "clusterUser_learningsteps-rg_learningsteps-aks"
              }
            ],
            "kube_config_raw": "apiVersion: v1\nclusters:\n- cluster:\n    certificate-authority-data: LS0tLS1CRUdJTiBDRVJUSUZJQ0FURS0tLS0tCk1JSUU2RENDQXRDZ0F3SUJBZ0lRYVlSTFd1bXlaZThpK1VrWHRhcTg5akFOQmdrcWhraUc5dzBCQVFzRkFEQU4KTVFzd0NRWURWUVFERXdKallUQWdGdzB5TmpBM01qSXhORFF4TVROYUdBOHlNRFUyTURjeU1qRTBOVEV4TTFvdwpEVEVMTUFrR0ExVUVBeE1DWTJFd2dnSWlNQTBHQ1NxR1NJYjNEUUVCQVFVQUE0SUNEd0F3Z2dJS0FvSUNBUUM4CmswZFFqb1hiNlA3T1o2UUh5QnpYc05PQ2djWjZGSmZ3QnJuMW1LZ1BRK01IUkNKSWt6V0FBSS9SMm5PZ1dJVGsKeDlhcVRrbndzZEErUFNHekNtSGFxMXVvWlFtV3Fxc1FRa0FkVmdXN1dnd0NQVHB6dWE1aGxkaVNnY1NEZEo0agplaXZ5WlBKdlpKbVJjbkdwMWpKbkZ5K2VJTXplUnRlK05PM0cwbzhzTkR3eVNZcVNSUjF3ckg2V2FBTEZNNk12CkxCQm9OOENHS0hpODNjRVVZYlAyWUphWU5SQXR3SFFZNFBLZGI0OHFPVGxMbzBHb1lPY2xtMVFobUtERkJWZmUKSWJVbEsyanJOd0lPSHZqMTJZTG9LUmxaZENncGtKMXFIbTBEVFo0MloxSm5tL2taK0tIbGtla0tjQW1NUnJVdQp2ck11dG9TZHZHL3VoZzF6QUhGMDdmTVI2a25oREdkSmgyVnhNelR3Sm9EVGx0NWY5ZEFuNU1BdlNlbURCOTg2CnZOeE14QmRJVWxOWElqQ3k1dDFoNU1ucmdkMXhyY0dxRWpoUEhteTRPVTU2VzhldEdQV3lGRkg2MTZOd2ExbGUKZE50d292TGg2VUdIa3M2Szh0aTdLYXdUc3lFMTVOS1NHVXExblBHOERzUWVKeUZRSkpDRU8xTXA2S0kyeC9pOQpLcUg3Wi82NW1PbjNIdjVWMWdvWjRueGh4MUZQaXNKRmtLektKdkEwOGd2SGkvRGZwQ0NiNGlxS09FU1M2S3kwCndFazBKVUNRRWxMOGl6MWp6VnZObDg4R2YvU1hBcG1xc1Z0Qkd1SDBWeGlpSHdtWlhEVzN6VFJLUUxHbnk4U1YKT1A2N1lUOVBtcW5CbkZSK3Nia09oZnFnZ2VvQWlsa255UFlOTjZJUXNRSURBUUFCbzBJd1FEQU9CZ05WSFE4QgpBZjhFQkFNQ0FxUXdEd1lEVlIwVEFRSC9CQVV3QXdFQi96QWRCZ05WSFE0RUZnUVVEeXMwbjRmcVBMdkJ5VFI5CjVKZUZxdXZXTnJFd0RRWUpLb1pJaHZjTkFRRUxCUUFEZ2dJQkFEWlhrZGFmSHpnMjNPRG96cFprQ3g0aEM0NHgKeC9aMkFhYXBoNERpMGdkcGd3aTNnd3EyRVZlSGc3SGxkdGpLMHk5VnRHTjRKUkVhakdsRGF3TGJVMi9SNS8rTAoxZFAwNm5aTlBMbEw2L0RtU0dWb1JXRXdVZk5ySndtMEJ2Z3RlZXk2aUxXMTdBb040aWNqNFh1b0lsVzhMKy9KCnVZYWtxZk8ySmJWSUJlZmNOdzJYM0VMNVpvTlZiQlZ5U0ZaS1RiN0F0Mi9LTkZ3Q083MkxUd2JoMGtqT1A2S3UKVzdsbXpKSTVTV2VFNHJCOXc3QjFQSEVjVnBrZGZ0Nk9sQmtDdmxIYk95Tmk5MHRKM1J6NGd6TlpEVFpmUG5ocwp3dk5XY0ZGNCsyNnUzOHUxWmhma08rVFFZNUpGRGYxWStabmFPK0VaV04zYjJucjZISlczZk1NQTNreTkwT2hMCm1BVkxqVEZpaTZLMi94YUlCRGF6V3N2U1FQUDFyUlF6OVFjbXJDbDh1ZFVVYTRqQy9HK1B3dmFwSyt1NFk2Y3kKenJ2bXF1eDltN1JvWDZpWnpEMzdNeGFzSzc1K2M1L3RmOUtVRUM3RG1nNytFUm4yc0pIUHcvQ1JCUTJUYUdsaAo1REFPRFBrcVhsNHhnV0I1bC9PQlBBd1NZQUszazVvT3N0a040SThsMDFVOXFTUXpXUDR5My9tcm9RVTFLd3JFCjZFNTBrcGk4RklWUmExYldkeGJ6Ui9wSFRKeW1jcXB6cmg4ZGpFbzZjK1h1Qlc4OTl1djQvcUJMYzkwUWprWHIKTlhBTld2MW8yM29HVjhWY0Q4S1J6Yit4RExiWUlmaUhMWWlUZmRjNFdCaHE5Nk50ZmlkUzlHQUYzWUVVSVRmZQpXWVlNV2ZqTXZkTE9hTzlFCi0tLS0tRU5EIENFUlRJRklDQVRFLS0tLS0K\n    server: https://learningsteps-aks-cq1nmbkw.hcp.westeurope.azmk8s.io:443\n  name: learningsteps-aks\ncontexts:\n- context:\n    cluster: learningsteps-aks\n    user: clusterUser_learningsteps-rg_learningsteps-aks\n  name: learningsteps-aks\ncurrent-context: learningsteps-aks\nkind: Config\nusers:\n- name: clusterUser_learningsteps-rg_learningsteps-aks\n  user:\n    client-certificate-data: LS0tLS1CRUdJTiBDRVJUSUZJQ0FURS0tLS0tCk1JSUZIVENDQXdXZ0F3SUJBZ0lRZjJNUnhVei85dTU4RXdLVUxHR2JLekFOQmdrcWhraUc5dzBCQVFzRkFEQU4KTVFzd0NRWURWUVFERXdKallUQWVGdzB5TmpBM01qSXhORFF4TVROYUZ3MHlPREEzTWpJeE5EVXhNVE5hTURBeApGekFWQmdOVkJBb1REbk41YzNSbGJUcHRZWE4wWlhKek1SVXdFd1lEVlFRREV3eHRZWE4wWlhKamJHbGxiblF3CmdnSWlNQTBHQ1NxR1NJYjNEUUVCQVFVQUE0SUNEd0F3Z2dJS0FvSUNBUURvRzR1dXlaSGZuQU10OGlvZ29zT1AKd1FHSDBWZUhyWkF1NFFHOGZKQ252RHEwdmxWamdCQitoQnowYUZ4OUtYakQ1WFB0enU2OFZGakFudmJXRnVnWQphSjVLeXZ5NDdLb3VNT2djVExVNktUdG5mbFFnMjZ2MGVRYitIeW8raG53cGgyK3Y4ZXZXalFmMHgzOTNORUVvCktjZVQ2TmpWVE9LNjdtNGVUV25yMUxCQlBMRHRHZDBjeDU0TmJ5UmgrRHVvTFNsVjVBVkxVY2JHbmZ3WWtFQzIKckgrZ0UvenFaWDNrWXdXYWFxNG8xMGNRblZVUlJtTWo0RlY4RUNIOWk0cmZFV2Vpblc1ZlFOcTFnb2lrekV3dgppaTRzUlZ5UVBOK3VQLzN1dWRBN3BKQXN1V1VFb1FQQ2FhR3R6ZlQ0aUFMTDhWaHBod3NXUUQwOC83Vk03dUpsClFaMGxvMm5aR252dk9IUk9PcXROamRJK1g0dGZ2cmJXMEtyNEJIdGtQcSt2Tlp6OUIxRWUvYzY3ZlRkVWdsbWEKZ2dRdmtMVG4xa2ZiaXNRdVNGSzZNZHRQTE5KTDM4VUxpWldaR2gySmttY2gvR0R2S09nMXVSTE5rdko2bXR6aQowak95TTlyR1hDVjZOU00waXZMMXptQ1BmRnJFYnBPMDFORkNwOFVzSjBVQ2tpQVRRam1LWjU4eEowdXc4NUlrCmlzT1RsZ2wyUXgvcHpjUlY2aGZEOHZGdnYwUnFGSnRqSXF6UklYMkI4Y2VIaUx0eHBQNWUvNjJ4QVJrNmVHbFMKRWRkUEdJQW90ZGxWN3pwTHNjYmFxdG9SYWhCUXEzenNQdWp6QVltT2xCZUFjK1doOVQ3REFKdi9uMjhnNGlwMAo5WndWWjhSd1NkZjdxQldZSmN3T3l3SURBUUFCbzFZd1ZEQU9CZ05WSFE4QkFmOEVCQU1DQmFBd0V3WURWUjBsCkJBd3dDZ1lJS3dZQkJRVUhBd0l3REFZRFZSMFRBUUgvQkFJd0FEQWZCZ05WSFNNRUdEQVdnQlFQS3pTZmgrbzgKdThISk5IM2tsNFdxNjlZMnNUQU5CZ2txaGtpRzl3MEJBUXNGQUFPQ0FnRUF1b3hsalZCazNrcjdJaUNzSmtacApidFpmMVZwNC9VS1VrN25mK1lCQVFCMGRnb29PZUF1Yk1TOUxONVJxNE9rbnBINEMyTmw5ZDMvaUdrYURJS2lVCk9LTlQyNVJ5RGJKSU5pWUpkT0pqdkg1cWFGWVVHcEJncExpcFVIZXo3QlJvMktlS1hMcGNhT2VxcEp5RlBkZVQKalVXdkVGMmtvTkIxQ2tKMGhEQXA1UVJqVlVXWUZ4V2FlejU1MGdnOXRmSy9yblFDL2lzMXczcElEZzdLeFZMSQpzOEp0WmhBTHNPYmlLRnpqT1JCZVUwdUZSdG0vUU5pZHRzdUdJalZ1ZFprSUZtdmpOMFBoTmNydjRlUjRBVkMzCkQ2N2c1dHdaa3k3N25qNVZJSGNWQjBVZEFVOFBYSlI5V3N6c25hb000MDVzNHdrbExMWE5qUGdhZkNmaExCVVEKVTV1UnJsaEpmeUN1TmdlbXJqdkJGU1Z5Si9KbzJyZHE0Ym13RVV4ZTB1bzNoVUtmUU5jQXo4RStOQkFXSys5QgpZMlZpWkx2TDRpcG9oRmN2V2luNzZUdjc0VC9RMm1oTmw2NUx0OGVEYnlFdG9aWWZscnNnODdJUnNXc2VIWVdzClVOZTRNTnp6OWZxL0J5TUxlbVdSK0FrckNkUjVZczl2S3kyekRTVlROTkRVNnpDaXJ1KzVZSjY1SjNZd0lYcGsKeVpMdGt2UkdnMi85dTNRNUc0L3lpVmJ2U2hUSWgwVU5KMEZib3NJNjFhWkVHV0dPR1E0V1dRRDkyaWdhR0FsdApLMjJOK0E5OFFzVWZhOGV3MVFOVzVSU2lRUzlhaUNOZW5Rc09QNmxVSUVRR0Z0WU9lZ0xWSnlUOEwvQVl0WkZhCkY4YzRmRG1XNU84TlNMNjYvQU9Ncmc4PQotLS0tLUVORCBDRVJUSUZJQ0FURS0tLS0tCg==\n    client-key-data: LS0tLS1CRUdJTiBSU0EgUFJJVkFURSBLRVktLS0tLQpNSUlKSndJQkFBS0NBZ0VBNkJ1THJzbVIzNXdETGZJcUlLTERqOEVCaDlGWGg2MlFMdUVCdkh5UXA3dzZ0TDVWClk0QVFmb1FjOUdoY2ZTbDR3K1Z6N2M3dXZGUll3SjcyMWhib0dHaWVTc3I4dU95cUxqRG9IRXkxT2lrN1ozNVUKSU51cjlIa0cvaDhxUG9aOEtZZHZyL0hyMW8wSDlNZC9kelJCS0NuSGsralkxVXppdXU1dUhrMXA2OVN3UVR5dwo3Um5kSE1lZURXOGtZZmc3cUMwcFZlUUZTMUhHeHAzOEdKQkF0cXgvb0JQODZtVjk1R01GbW1xdUtOZEhFSjFWCkVVWmpJK0JWZkJBaC9ZdUszeEZub3AxdVgwRGF0WUtJcE14TUw0b3VMRVZja0R6ZnJqLzk3cm5RTzZTUUxMbGwKQktFRHdtbWhyYzMwK0lnQ3kvRllhWWNMRmtBOVBQKzFUTzdpWlVHZEphTnAyUnA3N3poMFRqcXJUWTNTUGwrTApYNzYyMXRDcStBUjdaRDZ2cnpXYy9RZFJIdjNPdTMwM1ZJSlptb0lFTDVDMDU5WkgyNHJFTGtoU3VqSGJUeXpTClM5L0ZDNG1WbVJvZGlaSm5JZnhnN3lqb05ia1N6Wkx5ZXByYzR0SXpzalBheGx3bGVqVWpOSXJ5OWM1Z2ozeGEKeEc2VHROVFJRcWZGTENkRkFwSWdFMEk1aW1lZk1TZExzUE9TSklyRGs1WUpka01mNmMzRVZlb1h3L0x4Yjc5RQphaFNiWXlLczBTRjlnZkhIaDRpN2NhVCtYdit0c1FFWk9uaHBVaEhYVHhpQUtMWFpWZTg2UzdIRzJxcmFFV29RClVLdDg3RDdvOHdHSmpwUVhnSFBsb2ZVK3d3Q2IvNTl2SU9JcWRQV2NGV2ZFY0VuWCs2Z1ZtQ1hNRHNzQ0F3RUEKQVFLQ0FnQlRCV05Kb2pUSXNFT2M0QlU4ZGl1UUZEK3Babkl5Q0IxZC8wS0JPbWI5Y0VEcFhIa3JiV2U0OFNWdwpNSklBZk9DQzVXUTVoLzV4bzVQWlZpTEJRaEZEaGN3MHdYVnk2Y2dYWEl2eGIyaVZSS0ZJYS9ISWpQcHRLQXNkCncyVDNWMkE2OUlRNUFVWFRpTDl6U1JacE8yb2c1UXpMZFlwMWhScEdOYmx5b2tzRVBSL01QZHFrL0U3UUdBQ0wKR3BsL1oyeGpROEFZeGtZMGdpd2c1K3AvbUwxaytiOXVzU2VTYWJvRmdudkRGMnh6RkVtSmdsVW1xREFXNll0NgpKRVVjTFJqL24vaWJQRWQ1ejdkTEhFVW0rU0k1RU9waUVHOUM4bHNwdHg3cmtGQVF2VlNLZ3NmRXg1a1NKWGxjCnN5SHY4YXBhYTFtdDZVMUlhTExleWpIOXNpYU0xZkJ5Y1N4clZodEFtamJxS0R6cHZQL3RPTG9yU2pEUmU4TUQKUnBlSDNKRlRIZk5SaGdMalovbVhoRHNlbkUrRHhHZnNyVEd1RzVhK0s2YUorblB3THNJTE5UdnZmQUhzdVN4WQpqbTV4MVhkZE5yV1p5Z2VqYjVlM3lUd1BYUVFZZzdaSFBZVlR5YzRCdi9zMCsyZWJrdGNaaU9mZnhMb0gzWlJHCmV3dWpIdi9XNmpVbzRVZ2FLc2hxblFMS2NQeHlZeXJwaHUwODJ5UmgvWmdSNXJKcFlKS3hlZ1FNZXpINSsrNVAKa3d0TE83TkpjUTQrbDNURndsd0pxM0ROdXJuK1g0T3NQNTFXZWwvNTVCQkNMdlExOGtDdkQvL0VCMi9lME1GTwo3R1gxVE5TNlVXd1l2K0UvZlJRU3dST28yMGMrWXJHZ0lBWWptMFFJejRvbkJaS2RTUUtDQVFFQThsMjM1Zm9NCkxUVUh4aENQUTJGK2xrZmQweHdVS0Z5b2x0ZEh4aWJVQlVJU3o2cE9yR3ZlU0pEaFYrZjZsR0Z4eEdnY0VXRWkKTnRnREdWNlF2YkpCVWp2eVlER3Q0UklUS1lqWTg3NHZvczM1cW9pZnBtYnlKQzZjWlNsdVVEeVUveWZmQUw2eApqTTFLakxNdHp5Z0M2b0xidU9uclAwUVhqZ0lHVC94c2hQdnhYTFQvbS9Za3J1NFF1REl6aXVxZDVDZ0h5eWtsCkpLeHlyTHEyK3psQnB5K1FUTlBhMUI2VHJadStpckVrUlVzakp5RXZGYWczTk1ZTjlqNWk5b1I2OGhNWTgvcDMKQmNmYm5tWnZic1B1ZllQSElxVkEwaEJ4RmRNVUVCbjZoejhBU0ZrVldRaGxjVzZhSkJBTTlZdDdtYVBkMzVURQpTakxIYUx5MjcvMmFnd0tDQVFFQTlTb1luemNFaGo1aU1tL3Q5TjViNDlPaHFCN0QzQkhLUmJta1ZVeUQ1NU1nCm1OV0xicVFyMEFESWVPeHhmSXRuU2xsejhYSWJUZktQSjVTNGl4UzZaQWVBN3VmL3BOYVl5TXBjU3VGMWQ5OFEKcDAxaHNRWGIrcGhhbWhyaHlYTXR6UjVUU3J4eHh2eWhpa3Z4d2tvbmo4dTQ4MlVpU0RmVDdiWHFTVFFnSTdycApmVHVQTTk0NDNaSU80cEpjb2VodUFGWEpqU2VJcHcwaGFYUG9XR05WR2JDc0NtQUZJa1BDRmZXc0dWSFpEVFlUCnRKN1lXbGhHOVlsUnJWeTF6TTErKzNGLyt3Uk1SbDNIVHBUcnppSDNUa2loVjlRZXBuYUNWQ0RnaVFqRjd1bFcKd3lMYkdTaEVwVGIvWklKM3FNSU9LMll5WkdFbHF4Ym51dU9ndXphb0dRS0NBUUJuN3RpVnZvektOaHVIVEVLagpXb08yWGtzNTVLaWdSbHZsazV3cjFTckd0bmJxcHRYbUNydmYwb0ZQK1NMenpuWEREQUk5VWJJaVlxK3hpV1A0CmRTQ2Q2eWNkS1RDdmU5akx6dXQ2V3V5Q25HR2NSOHB1eVdhOUxWL1Q0ZGgwZ0FaRkJRd1VmYklWOTFNbzB3MnAKOERhUDZsM2ZCakRqaUlleFZoenU0QWlKWHFFNmFFUFUxZEVWVXZISWkzNmU2ODJac2JEbDVsY1BTd1JDSGkrcAp1L3Z6ZmVvYmlCNG5LSldidFZZWWs2NUNLTjZDUVRDMzBOTWJ4bkxtVGdxU1BHMmNzYVBadkdhZUMvNmFCc055CmRJTXBRQUY5VWZCaUpMclo2UktKZFJxQ05Qb2lERkdqUkg1OERqbjdqUWFCcGJielE5bzVyc29lSjNocjZjRnAKV1ErUkFvSUJBR2FxODFheG5wWnRSNGdoc1gvcklvWWRHVVNqWlpnaVp4ZWQ3NEM5SXp2Mk5COXN4aEJXZGZhTQpiV2VlZE1RWVNQQXMxODRUMy9WYmo3R2VxVTJ0SjRVK1V6TTVPcWlZS2JGa2RSUHlxTlBET1dFbW1iT2RaWXJqCkJJWW1uY2xVRDZrbmV2QUFUSkZ0T0dVRytyNUhlWnZSVDZtMS80NUl1dHFBWlJXMDI0UzdBSTZ1UTRFUUhiWkUKTlRHUzQzSDJPU0t3eWsvdmIxMnR0UUZKUmRMRi9seGN6UjhuS044NWl1elJUZm5vZWNIN2xITCtWbEkzUjdnSgpnb2ZjSEZJZytIMXFBWk5vTUYwRFpyUzB6cThyTURxN1ZiM0hHZkxTRERBWStJN0tlc0ZiUERkSndJRWZpT2U3ClNXYVk4RzFlbnJweitNUnFubkN3amVpSTdNV1oxUGtDZ2dFQVVPRnE2VVEyazBaQWJRVkZhSDVSTlBJT1d1ekgKOXNuSCswaTM1eDhNOWwzYWxBMCtyRjhpUkFLMXNpNHBwbnJMbVZFRENsTkhJTWlhaHJ6aEpiVlY4VE8zRW5legpDQnUvSmFYNWZ0YWJ1cWNDVWhnK01CemdQMlR4dHpoWDZqaDhqRTRZbDhtUDkwMU9GcDFwU3YxZWFpZEVpcEFpCnM4cUhFUVZZcDJUNHMyUnoyNjVPaWEzaHBlbjBuN2VCcXNBWXpYVDEzUTI3UUhicDZzOUo0MUo1U0p0ZHJRUkcKUGVvNVVDbVpVQlk0Y0FtNGFENC9rRm9WN1Fya2t0Nng0N2Y3RExVQVBybnBJTGFXL244WTJVYTIreE5HK1NCNgozK1J5SUkzdndhYnNLNk1nVitCOXJLaEdzaHdhcC9oMCtRTlJPUW15b1NzOXNJWEhNbkhhOXhXWVpnPT0KLS0tLS1FTkQgUlNBIFBSSVZBVEUgS0VZLS0tLS0K\n    token: hlc4xdi9yulzu93ek8x0smv0pb6l73ifoi0g60jg5xzzjl4st695j4zu3x3gaa49mmz6hrqjo3b5k1jjtcb4i5o16lu6y4l637m72hgwvz77y8jax10sc3bxf1dqga12\n",
            "kubelet_identity": [
              {
                "client_id": "146cf48a-a3fa-472b-a038-ce352f105b74",
                "object_id": "e0873736-b736-4c77-8539-23757434450f",
                "user_assigned_identity_id": "/subscriptions/38697092-adc9-49fa-b2ed-d20d7b52c26f/resourceGroups/MC_learningsteps-rg_learningsteps-aks_westeurope/providers/Microsoft.ManagedIdentity/userAssignedIdentities/learningsteps-aks-agentpool"
              }
            ],
            "kubernetes_version": "1.35",
            "linux_profile": [],
            "local_account_disabled": false,
            "location": "westeurope",
            "maintenance_window": [],
            "maintenance_window_auto_upgrade": [],
            "maintenance_window_node_os": [],
            "microsoft_defender": [],
            "monitor_metrics": [],
            "name": "learningsteps-aks",
            "network_profile": [
              {
                "advanced_networking": [],
                "dns_service_ip": "10.1.0.10",
                "ip_versions": [
                  "IPv4"
                ],
                "load_balancer_profile": [
                  {
                    "backend_pool_type": "NodeIPConfiguration",
                    "effective_outbound_ips": [
                      "/subscriptions/38697092-adc9-49fa-b2ed-d20d7b52c26f/resourceGroups/MC_learningsteps-rg_learningsteps-aks_westeurope/providers/Microsoft.Network/publicIPAddresses/6bd1d26b-acbd-4970-9e6c-985f66b6a4c0"
                    ],
                    "idle_timeout_in_minutes": 0,
                    "managed_outbound_ip_count": 1,
                    "managed_outbound_ipv6_count": 0,
                    "outbound_ip_address_ids": [],
                    "outbound_ip_prefix_ids": [],
                    "outbound_ports_allocated": 0
                  }
                ],
                "load_balancer_sku": "standard",
                "nat_gateway_profile": [],
                "network_data_plane": "azure",
                "network_mode": "",
                "network_plugin": "azure",
                "network_plugin_mode": "",
                "network_policy": "",
                "outbound_type": "loadBalancer",
                "pod_cidr": "",
                "pod_cidrs": [],
                "service_cidr": "10.1.0.0/16",
                "service_cidrs": [
                  "10.1.0.0/16"
                ]
              }
            ],
            "node_os_upgrade_channel": "NodeImage",
            "node_provisioning_profile": [
              {
                "default_node_pools": "",
                "mode": "Manual"
              }
            ],
            "node_resource_group": "MC_learningsteps-rg_learningsteps-aks_westeurope",
            "node_resource_group_id": "/subscriptions/38697092-adc9-49fa-b2ed-d20d7b52c26f/resourceGroups/MC_learningsteps-rg_learningsteps-aks_westeurope",
            "oidc_issuer_enabled": true,
            "oidc_issuer_url": "https://westeurope.oic.prod-aks.azure.com/c0531484-50fa-4ff2-97df-b1f2d4810603/8fb57068-36ec-4eed-a10e-c0776aaac7a3/",
            "oms_agent": [],
            "open_service_mesh_enabled": false,
            "portal_fqdn": "learningsteps-aks-cq1nmbkw.portal.hcp.westeurope.azmk8s.io",
            "private_cluster_enabled": false,
            "private_cluster_public_fqdn_enabled": false,
            "private_dns_zone_id": "",
            "private_fqdn": "",
            "resource_group_name": "learningsteps-rg",
            "role_based_access_control_enabled": true,
            "run_command_enabled": true,
            "service_mesh_profile": [],
            "service_principal": [],
            "sku_tier": "Free",
            "storage_profile": [],
            "support_plan": "KubernetesOfficial",
            "tags": {
              "created-on": "2026-07-22T15:03:21.9956114Z"
            },
            "timeouts": null,
            "upgrade_override": [],
            "web_app_routing": [],
            "windows_profile": [
              {
                "admin_password": "",
                "admin_username": "azureuser",
                "gmsa": [],
                "license": ""
              }
            ],
            "workload_autoscaler_profile": [],
            "workload_identity_enabled": false
          },
          "sensitive_attributes": [
            [
              {
                "type": "get_attr",
                "value": "kube_admin_config"
              }
            ],
            [
              {
                "type": "get_attr",
                "value": "kube_admin_config_raw"
              }
            ],
            [
              {
                "type": "get_attr",
                "value": "kube_config"
              }
            ],
            [
              {
                "type": "get_attr",
                "value": "kube_config_raw"
              }
            ],
            [
              {
                "type": "get_attr",
                "value": "windows_profile"
              },
              {
                "type": "index",
                "value": {
                  "value": 0,
                  "type": "number"
                }
              },
              {
                "type": "get_attr",
                "value": "admin_password"
              }
            ]
          ],
          "identity_schema_version": 0,
          "private": "eyJlMmJmYjczMC1lY2FhLTExZTYtOGY4OC0zNDM2M2JjN2M0YzAiOnsiY3JlYXRlIjo1NDAwMDAwMDAwMDAwLCJkZWxldGUiOjU0MDAwMDAwMDAwMDAsInJlYWQiOjMwMDAwMDAwMDAwMCwidXBkYXRlIjo1NDAwMDAwMDAwMDAwfSwic2NoZW1hX3ZlcnNpb24iOiIyIn0=",
          "dependencies": [
            "azurerm_resource_group.main",
            "azurerm_subnet.aks",
            "azurerm_virtual_network.main"
          ]
        }
      ]
    },
    {
      "mode": "managed",
      "type": "azurerm_private_dns_zone",
      "name": "pg",
      "provider": "provider[\"registry.terraform.io/hashicorp/azurerm\"]",
      "instances": [
        {
          "schema_version": 0,
          "attributes": {
            "id": "/subscriptions/38697092-adc9-49fa-b2ed-d20d7b52c26f/resourceGroups/learningsteps-rg/providers/Microsoft.Network/privateDnsZones/learningsteps.postgres.database.azure.com",
            "max_number_of_record_sets": 25000,
            "max_number_of_virtual_network_links": 1000,
            "max_number_of_virtual_network_links_with_registration": 100,
            "name": "learningsteps.postgres.database.azure.com",
            "number_of_record_sets": 1,
            "resource_group_name": "learningsteps-rg",
            "soa_record": [
              {
                "email": "azureprivatedns-host.microsoft.com",
                "expire_time": 2419200,
                "fqdn": "learningsteps.postgres.database.azure.com.",
                "host_name": "azureprivatedns.net",
                "minimum_ttl": 10,
                "refresh_time": 3600,
                "retry_time": 300,
                "serial_number": 1,
                "tags": {},
                "ttl": 3600
              }
            ],
            "tags": {
              "created-on": "2026-07-22T15:03:08.1935358Z"
            },
            "timeouts": null
          },
          "sensitive_attributes": [],
          "identity_schema_version": 0,
          "identity": {
            "name": "learningsteps.postgres.database.azure.com",
            "resource_group_name": "learningsteps-rg",
            "subscription_id": "38697092-adc9-49fa-b2ed-d20d7b52c26f"
          },
          "private": "eyJlMmJmYjczMC1lY2FhLTExZTYtOGY4OC0zNDM2M2JjN2M0YzAiOnsiY3JlYXRlIjoxODAwMDAwMDAwMDAwLCJkZWxldGUiOjE4MDAwMDAwMDAwMDAsInJlYWQiOjMwMDAwMDAwMDAwMCwidXBkYXRlIjoxODAwMDAwMDAwMDAwfX0=",
          "dependencies": [
            "azurerm_resource_group.main"
          ]
        }
      ]
    },
    {
      "mode": "managed",
      "type": "azurerm_private_dns_zone_virtual_network_link",
      "name": "pg",
      "provider": "provider[\"registry.terraform.io/hashicorp/azurerm\"]",
      "instances": [
        {
          "schema_version": 0,
          "attributes": {
            "id": "/subscriptions/38697092-adc9-49fa-b2ed-d20d7b52c26f/resourceGroups/learningsteps-rg/providers/Microsoft.Network/privateDnsZones/learningsteps.postgres.database.azure.com/virtualNetworkLinks/learningsteps-pg-link",
            "name": "learningsteps-pg-link",
            "private_dns_zone_name": "learningsteps.postgres.database.azure.com",
            "registration_enabled": false,
            "resolution_policy": "",
            "resource_group_name": "learningsteps-rg",
            "tags": {
              "created-on": "2026-07-22T15:03:42.2763439Z"
            },
            "timeouts": null,
            "virtual_network_id": "/subscriptions/38697092-adc9-49fa-b2ed-d20d7b52c26f/resourceGroups/learningsteps-rg/providers/Microsoft.Network/virtualNetworks/learningsteps-vnet"
          },
          "sensitive_attributes": [],
          "identity_schema_version": 0,
          "identity": {
            "name": "learningsteps-pg-link",
            "private_dns_zone_name": "learningsteps.postgres.database.azure.com",
            "resource_group_name": "learningsteps-rg",
            "subscription_id": "38697092-adc9-49fa-b2ed-d20d7b52c26f"
          },
          "private": "eyJlMmJmYjczMC1lY2FhLTExZTYtOGY4OC0zNDM2M2JjN2M0YzAiOnsiY3JlYXRlIjoxODAwMDAwMDAwMDAwLCJkZWxldGUiOjE4MDAwMDAwMDAwMDAsInJlYWQiOjMwMDAwMDAwMDAwMCwidXBkYXRlIjoxODAwMDAwMDAwMDAwfX0=",
          "dependencies": [
            "azurerm_private_dns_zone.pg",
            "azurerm_resource_group.main",
            "azurerm_virtual_network.main"
          ]
        }
      ]
    },
    {
      "mode": "managed",
      "type": "azurerm_resource_group",
      "name": "main",
      "provider": "provider[\"registry.terraform.io/hashicorp/azurerm\"]",
      "instances": [
        {
          "schema_version": 0,
          "attributes": {
            "id": "/subscriptions/38697092-adc9-49fa-b2ed-d20d7b52c26f/resourceGroups/learningsteps-rg",
            "location": "westeurope",
            "managed_by": "",
            "name": "learningsteps-rg",
            "tags": {
              "created-on": "2026-07-22T15:03:03.4033867Z"
            },
            "timeouts": null
          },
          "sensitive_attributes": [],
          "identity_schema_version": 0,
          "identity": {
            "name": "learningsteps-rg",
            "subscription_id": "38697092-adc9-49fa-b2ed-d20d7b52c26f"
          },
          "private": "eyJlMmJmYjczMC1lY2FhLTExZTYtOGY4OC0zNDM2M2JjN2M0YzAiOnsiY3JlYXRlIjo1NDAwMDAwMDAwMDAwLCJkZWxldGUiOjU0MDAwMDAwMDAwMDAsInJlYWQiOjMwMDAwMDAwMDAwMCwidXBkYXRlIjo1NDAwMDAwMDAwMDAwfX0="
        }
      ]
    },
    {
      "mode": "managed",
      "type": "azurerm_role_assignment",
      "name": "aks_acr_pull",
      "provider": "provider[\"registry.terraform.io/hashicorp/azurerm\"]",
      "instances": [
        {
          "schema_version": 0,
          "attributes": {
            "condition": "",
            "condition_version": "",
            "delegated_managed_identity_resource_id": "",
            "description": "",
            "id": "/subscriptions/38697092-adc9-49fa-b2ed-d20d7b52c26f/resourceGroups/learningsteps-rg/providers/Microsoft.ContainerRegistry/registries/evolution012983/providers/Microsoft.Authorization/roleAssignments/8a8fedf7-caba-deec-23af-bd33ce090843",
            "name": "8a8fedf7-caba-deec-23af-bd33ce090843",
            "principal_id": "e0873736-b736-4c77-8539-23757434450f",
            "principal_type": "ServicePrincipal",
            "role_definition_id": "/subscriptions/38697092-adc9-49fa-b2ed-d20d7b52c26f/providers/Microsoft.Authorization/roleDefinitions/7f951dda-4ed3-4680-a7ca-43fe172d538d",
            "role_definition_name": "AcrPull",
            "scope": "/subscriptions/38697092-adc9-49fa-b2ed-d20d7b52c26f/resourceGroups/learningsteps-rg/providers/Microsoft.ContainerRegistry/registries/evolution012983",
            "skip_service_principal_aad_check": true,
            "timeouts": null
          },
          "sensitive_attributes": [],
          "identity_schema_version": 0,
          "private": "eyJlMmJmYjczMC1lY2FhLTExZTYtOGY4OC0zNDM2M2JjN2M0YzAiOnsiY3JlYXRlIjoxODAwMDAwMDAwMDAwLCJkZWxldGUiOjE4MDAwMDAwMDAwMDAsInJlYWQiOjMwMDAwMDAwMDAwMH19",
          "dependencies": [
            "azurerm_container_registry.main",
            "azurerm_kubernetes_cluster.main",
            "azurerm_resource_group.main",
            "azurerm_subnet.aks",
            "azurerm_virtual_network.main"
          ]
        }
      ]
    },
    {
      "mode": "managed",
      "type": "azurerm_role_assignment",
      "name": "kv_secrets_officer",
      "provider": "provider[\"registry.terraform.io/hashicorp/azurerm\"]",
      "instances": [
        {
          "schema_version": 0,
          "attributes": {
            "condition": "",
            "condition_version": "",
            "delegated_managed_identity_resource_id": "",
            "description": "",
            "id": "/subscriptions/38697092-adc9-49fa-b2ed-d20d7b52c26f/resourceGroups/learningsteps-rg/providers/Microsoft.KeyVault/vaults/learnsteps-kv-388521/providers/Microsoft.Authorization/roleAssignments/97bd98d6-7d36-2bec-8dcf-b654aea538be",
            "name": "97bd98d6-7d36-2bec-8dcf-b654aea538be",
            "principal_id": "5b265001-0f50-4764-aa1e-ab0339366fa9",
            "principal_type": "User",
            "role_definition_id": "/subscriptions/38697092-adc9-49fa-b2ed-d20d7b52c26f/providers/Microsoft.Authorization/roleDefinitions/b86a8fe4-44ce-4948-aee5-eccb2c155cd7",
            "role_definition_name": "Key Vault Secrets Officer",
            "scope": "/subscriptions/38697092-adc9-49fa-b2ed-d20d7b52c26f/resourceGroups/learningsteps-rg/providers/Microsoft.KeyVault/vaults/learnsteps-kv-388521",
            "skip_service_principal_aad_check": null,
            "timeouts": null
          },
          "sensitive_attributes": [],
          "identity_schema_version": 0,
          "private": "eyJlMmJmYjczMC1lY2FhLTExZTYtOGY4OC0zNDM2M2JjN2M0YzAiOnsiY3JlYXRlIjoxODAwMDAwMDAwMDAwLCJkZWxldGUiOjE4MDAwMDAwMDAwMDAsInJlYWQiOjMwMDAwMDAwMDAwMH19",
          "dependencies": [
            "azurerm_key_vault.main",
            "azurerm_resource_group.main",
            "data.azurerm_client_config.current"
          ]
        }
      ]
    },
    {
      "mode": "managed",
      "type": "azurerm_subnet",
      "name": "aks",
      "provider": "provider[\"registry.terraform.io/hashicorp/azurerm\"]",
      "instances": [
        {
          "schema_version": 0,
          "attributes": {
            "address_prefixes": [
              "10.0.0.0/22"
            ],
            "default_outbound_access_enabled": true,
            "delegation": [],
            "id": "/subscriptions/38697092-adc9-49fa-b2ed-d20d7b52c26f/resourceGroups/learningsteps-rg/providers/Microsoft.Network/virtualNetworks/learningsteps-vnet/subnets/aks-subnet",
            "ip_address_pool": [],
            "name": "aks-subnet",
            "private_endpoint_network_policies": "Disabled",
            "private_link_service_network_policies_enabled": true,
            "resource_group_name": "learningsteps-rg",
            "service_endpoint_policy_ids": [],
            "service_endpoints": [],
            "sharing_scope": "",
            "timeouts": null,
            "virtual_network_name": "learningsteps-vnet"
          },
          "sensitive_attributes": [],
          "identity_schema_version": 0,
          "identity": {
            "name": "aks-subnet",
            "resource_group_name": "learningsteps-rg",
            "subscription_id": "38697092-adc9-49fa-b2ed-d20d7b52c26f",
            "virtual_network_name": "learningsteps-vnet"
          },
          "private": "eyJlMmJmYjczMC1lY2FhLTExZTYtOGY4OC0zNDM2M2JjN2M0YzAiOnsiY3JlYXRlIjoxODAwMDAwMDAwMDAwLCJkZWxldGUiOjE4MDAwMDAwMDAwMDAsInJlYWQiOjMwMDAwMDAwMDAwMCwidXBkYXRlIjoxODAwMDAwMDAwMDAwfX0=",
          "dependencies": [
            "azurerm_resource_group.main",
            "azurerm_virtual_network.main"
          ]
        }
      ]
    },
    {
      "mode": "managed",
      "type": "azurerm_subnet",
      "name": "db",
      "provider": "provider[\"registry.terraform.io/hashicorp/azurerm\"]",
      "instances": [
        {
          "schema_version": 0,
          "attributes": {
            "address_prefixes": [
              "10.0.4.0/24"
            ],
            "default_outbound_access_enabled": true,
            "delegation": [
              {
                "name": "fs-delegation",
                "service_delegation": [
                  {
                    "actions": [
                      "Microsoft.Network/virtualNetworks/subnets/join/action"
                    ],
                    "name": "Microsoft.DBforPostgreSQL/flexibleServers"
                  }
                ]
              }
            ],
            "id": "/subscriptions/38697092-adc9-49fa-b2ed-d20d7b52c26f/resourceGroups/learningsteps-rg/providers/Microsoft.Network/virtualNetworks/learningsteps-vnet/subnets/db-subnet",
            "ip_address_pool": [],
            "name": "db-subnet",
            "private_endpoint_network_policies": "Disabled",
            "private_link_service_network_policies_enabled": true,
            "resource_group_name": "learningsteps-rg",
            "service_endpoint_policy_ids": [],
            "service_endpoints": [],
            "sharing_scope": "",
            "timeouts": null,
            "virtual_network_name": "learningsteps-vnet"
          },
          "sensitive_attributes": [],
          "identity_schema_version": 0,
          "identity": {
            "name": "db-subnet",
            "resource_group_name": "learningsteps-rg",
            "subscription_id": "38697092-adc9-49fa-b2ed-d20d7b52c26f",
            "virtual_network_name": "learningsteps-vnet"
          },
          "private": "eyJlMmJmYjczMC1lY2FhLTExZTYtOGY4OC0zNDM2M2JjN2M0YzAiOnsiY3JlYXRlIjoxODAwMDAwMDAwMDAwLCJkZWxldGUiOjE4MDAwMDAwMDAwMDAsInJlYWQiOjMwMDAwMDAwMDAwMCwidXBkYXRlIjoxODAwMDAwMDAwMDAwfX0=",
          "dependencies": [
            "azurerm_resource_group.main",
            "azurerm_virtual_network.main"
          ]
        }
      ]
    },
    {
      "mode": "managed",
      "type": "azurerm_virtual_network",
      "name": "main",
      "provider": "provider[\"registry.terraform.io/hashicorp/azurerm\"]",
      "instances": [
        {
          "schema_version": 0,
          "attributes": {
            "address_space": [
              "10.0.0.0/16"
            ],
            "bgp_community": "",
            "ddos_protection_plan": [],
            "dns_servers": [],
            "edge_zone": "",
            "encryption": [],
            "flow_timeout_in_minutes": 0,
            "guid": "84a8bbdb-e286-4243-999c-a95a0b4db554",
            "id": "/subscriptions/38697092-adc9-49fa-b2ed-d20d7b52c26f/resourceGroups/learningsteps-rg/providers/Microsoft.Network/virtualNetworks/learningsteps-vnet",
            "ip_address_pool": [],
            "location": "westeurope",
            "name": "learningsteps-vnet",
            "private_endpoint_vnet_policies": "Disabled",
            "resource_group_name": "learningsteps-rg",
            "subnet": [
              {
                "address_prefixes": [
                  "10.0.0.0/22"
                ],
                "default_outbound_access_enabled": true,
                "delegation": [],
                "id": "/subscriptions/38697092-adc9-49fa-b2ed-d20d7b52c26f/resourceGroups/learningsteps-rg/providers/Microsoft.Network/virtualNetworks/learningsteps-vnet/subnets/aks-subnet",
                "name": "aks-subnet",
                "private_endpoint_network_policies": "Disabled",
                "private_link_service_network_policies_enabled": true,
                "route_table_id": "",
                "security_group": "",
                "service_endpoint_policy_ids": [],
                "service_endpoints": []
              },
              {
                "address_prefixes": [
                  "10.0.4.0/24"
                ],
                "default_outbound_access_enabled": true,
                "delegation": [
                  {
                    "name": "fs-delegation",
                    "service_delegation": [
                      {
                        "actions": [
                          "Microsoft.Network/virtualNetworks/subnets/join/action"
                        ],
                        "name": "Microsoft.DBforPostgreSQL/flexibleServers"
                      }
                    ]
                  }
                ],
                "id": "/subscriptions/38697092-adc9-49fa-b2ed-d20d7b52c26f/resourceGroups/learningsteps-rg/providers/Microsoft.Network/virtualNetworks/learningsteps-vnet/subnets/db-subnet",
                "name": "db-subnet",
                "private_endpoint_network_policies": "Disabled",
                "private_link_service_network_policies_enabled": true,
                "route_table_id": "",
                "security_group": "",
                "service_endpoint_policy_ids": [],
                "service_endpoints": []
              }
            ],
            "tags": {
              "created-on": "2026-07-22T15:03:08.3932877Z"
            },
            "timeouts": null
          },
          "sensitive_attributes": [],
          "identity_schema_version": 0,
          "identity": {
            "name": "learningsteps-vnet",
            "resource_group_name": "learningsteps-rg",
            "subscription_id": "38697092-adc9-49fa-b2ed-d20d7b52c26f"
          },
          "private": "eyJlMmJmYjczMC1lY2FhLTExZTYtOGY4OC0zNDM2M2JjN2M0YzAiOnsiY3JlYXRlIjoxODAwMDAwMDAwMDAwLCJkZWxldGUiOjE4MDAwMDAwMDAwMDAsInJlYWQiOjMwMDAwMDAwMDAwMCwidXBkYXRlIjoxODAwMDAwMDAwMDAwfX0=",
          "dependencies": [
            "azurerm_resource_group.main"
          ]
        }
      ]
    }
  ],
  "check_results": null
}
